// !$*UTF8*$!
{
	archiveVersion = 1;
	classes = {
	};
	objectVersion = 46;
	objects = {

/* Begin PBXBuildFile section */
		32B56928BD94CBDCCDA0C43B /* libPods.a in Frameworks */ = {isa = PBXBuildFile; fileRef = 5A26DAF5CF62E34098597EA3 /* libPods.a */; };
		3D16D0841B1C3FFB00A582A3 /* SharedManager.m in Sources */ = {isa = PBXBuildFile; fileRef = 3D16D0831B1C3FFB00A582A3 /* SharedManager.m */; };
		3D1963BC1B0CE05700766CFC /* CourseServices.m in Sources */ = {isa = PBXBuildFile; fileRef = 3D1963B81B0CE05700766CFC /* CourseServices.m */; };
		3D1963BD1B0CE05700766CFC /* UserServices.m in Sources */ = {isa = PBXBuildFile; fileRef = 3D1963BB1B0CE05700766CFC /* UserServices.m */; };
		3D1963C41B0DAECD00766CFC /* WeatherServices.m in Sources */ = {isa = PBXBuildFile; fileRef = 3D1963C31B0DAECD00766CFC /* WeatherServices.m */; };
		3D1963CB1B0DBC2600766CFC /* WeatherData.m in Sources */ = {isa = PBXBuildFile; fileRef = 3D1963CA1B0DBC2600766CFC /* WeatherData.m */; };
		3D1963CE1B0DBC8300766CFC /* Condition.m in Sources */ = {isa = PBXBuildFile; fileRef = 3D1963CD1B0DBC8300766CFC /* Condition.m */; };
		3D1963EA1B0E1B5200766CFC /* ClubHouseContainerVC.m in Sources */ = {isa = PBXBuildFile; fileRef = 3D1963E41B0E1B5200766CFC /* ClubHouseContainerVC.m */; };
		3D1963EB1B0E1B5200766CFC /* ClubHouseSubController.m in Sources */ = {isa = PBXBuildFile; fileRef = 3D1963E61B0E1B5200766CFC /* ClubHouseSubController.m */; };
		3D1963EC1B0E1B5200766CFC /* ClubHouseViewController.m in Sources */ = {isa = PBXBuildFile; fileRef = 3D1963E91B0E1B5200766CFC /* ClubHouseViewController.m */; };
		3D1963F31B0E1B6900766CFC /* PlayerProfileViewController.m in Sources */ = {isa = PBXBuildFile; fileRef = 3D1963EF1B0E1B6900766CFC /* PlayerProfileViewController.m */; };
		3D1963F41B0E1B6900766CFC /* RewardViewController.m in Sources */ = {isa = PBXBuildFile; fileRef = 3D1963F21B0E1B6900766CFC /* RewardViewController.m */; };
		3D1963F81B0E1F0500766CFC /* WeatherViewCell.m in Sources */ = {isa = PBXBuildFile; fileRef = 3D1963F71B0E1F0500766CFC /* WeatherViewCell.m */; };
		3D1963FA1B0E21B100766CFC /* main.m in Sources */ = {isa = PBXBuildFile; fileRef = 88024F621AD29134004AC260 /* main.m */; };
		3D1964011B1305FC00766CFC /* PresentationServices.m in Sources */ = {isa = PBXBuildFile; fileRef = 3D1964001B1305FC00766CFC /* PresentationServices.m */; };
		3D1964191B130E3B00766CFC /* MBProgressHUD.m in Sources */ = {isa = PBXBuildFile; fileRef = 3D19640C1B130E3B00766CFC /* MBProgressHUD.m */; };
		3D19641A1B130E3B00766CFC /* TPKeyboardAvoidingCollectionView.m in Sources */ = {isa = PBXBuildFile; fileRef = 3D19640F1B130E3B00766CFC /* TPKeyboardAvoidingCollectionView.m */; };
		3D19641B1B130E3B00766CFC /* TPKeyboardAvoidingScrollView.m in Sources */ = {isa = PBXBuildFile; fileRef = 3D1964111B130E3B00766CFC /* TPKeyboardAvoidingScrollView.m */; };
		3D19641C1B130E3B00766CFC /* TPKeyboardAvoidingTableView.m in Sources */ = {isa = PBXBuildFile; fileRef = 3D1964131B130E3B00766CFC /* TPKeyboardAvoidingTableView.m */; };
		3D19641D1B130E3B00766CFC /* UIScrollView+TPKeyboardAvoidingAdditions.m in Sources */ = {isa = PBXBuildFile; fileRef = 3D1964151B130E3B00766CFC /* UIScrollView+TPKeyboardAvoidingAdditions.m */; };
		3D1964211B13270F00766CFC /* FBSDKCoreKit.framework in Frameworks */ = {isa = PBXBuildFile; fileRef = 3D19641E1B13270F00766CFC /* FBSDKCoreKit.framework */; };
		3D1964221B13271000766CFC /* FBSDKLoginKit.framework in Frameworks */ = {isa = PBXBuildFile; fileRef = 3D19641F1B13270F00766CFC /* FBSDKLoginKit.framework */; };
		3D1964231B13271000766CFC /* FBSDKShareKit.framework in Frameworks */ = {isa = PBXBuildFile; fileRef = 3D1964201B13270F00766CFC /* FBSDKShareKit.framework */; };
		3D1964271B13305200766CFC /* FaceBookAuthAgent.m in Sources */ = {isa = PBXBuildFile; fileRef = 3D1964261B13305200766CFC /* FaceBookAuthAgent.m */; };
		3D5CA5D61B1F332B00CB6ED7 /* BaseViewController.m in Sources */ = {isa = PBXBuildFile; fileRef = 3D5CA5D51B1F332B00CB6ED7 /* BaseViewController.m */; };
		3D5CA5D81B20572E00CB6ED7 /* SystemConfiguration.framework in Frameworks */ = {isa = PBXBuildFile; fileRef = 3D5CA5D71B20572E00CB6ED7 /* SystemConfiguration.framework */; };
		3D841D281B1CD97D00A267DE /* EventHeaderView.m in Sources */ = {isa = PBXBuildFile; fileRef = 3D841D271B1CD97D00A267DE /* EventHeaderView.m */; };
		3D841D2A1B1CD98800A267DE /* EventHeaderView.xib in Resources */ = {isa = PBXBuildFile; fileRef = 3D841D291B1CD98800A267DE /* EventHeaderView.xib */; };
		3D87D8281B159FE00046BD60 /* EventCalendarViewController.m in Sources */ = {isa = PBXBuildFile; fileRef = 3D87D8271B159FE00046BD60 /* EventCalendarViewController.m */; };
		3D87D82B1B15A0880046BD60 /* EventDetailViewController.m in Sources */ = {isa = PBXBuildFile; fileRef = 3D87D82A1B15A0880046BD60 /* EventDetailViewController.m */; };
		3D87D8321B15A5F50046BD60 /* CalendarEventCell.m in Sources */ = {isa = PBXBuildFile; fileRef = 3D87D8301B15A5F50046BD60 /* CalendarEventCell.m */; };
		3D87D8331B15A5F50046BD60 /* CalendarEventCell.xib in Resources */ = {isa = PBXBuildFile; fileRef = 3D87D8311B15A5F50046BD60 /* CalendarEventCell.xib */; };
		3D87D8421B1852120046BD60 /* NSDate+convenience.m in Sources */ = {isa = PBXBuildFile; fileRef = 3D87D8391B1852120046BD60 /* NSDate+convenience.m */; };
		3D87D8431B1852120046BD60 /* NSMutableArray+convenience.m in Sources */ = {isa = PBXBuildFile; fileRef = 3D87D83B1B1852120046BD60 /* NSMutableArray+convenience.m */; settings = {COMPILER_FLAGS = "-fno-objc-arc"; }; };
		3D87D8441B1852120046BD60 /* UIColor+expanded.m in Sources */ = {isa = PBXBuildFile; fileRef = 3D87D83D1B1852120046BD60 /* UIColor+expanded.m */; };
		3D87D8451B1852120046BD60 /* UIView+convenience.m in Sources */ = {isa = PBXBuildFile; fileRef = 3D87D83F1B1852120046BD60 /* UIView+convenience.m */; };
		3D87D8461B1852120046BD60 /* VRGCalendarView.m in Sources */ = {isa = PBXBuildFile; fileRef = 3D87D8411B1852120046BD60 /* VRGCalendarView.m */; settings = {COMPILER_FLAGS = "-fno-objc-arc"; }; };
		3DCA44CC1B26CB3400B66BD2 /* CalendarEvent.m in Sources */ = {isa = PBXBuildFile; fileRef = 3DCA44A91B26CB3400B66BD2 /* CalendarEvent.m */; };
		3DCA44CD1B26CB3400B66BD2 /* EventList.m in Sources */ = {isa = PBXBuildFile; fileRef = 3DCA44AB1B26CB3400B66BD2 /* EventList.m */; };
		3DCA44CE1B26CB3400B66BD2 /* EventWeather.m in Sources */ = {isa = PBXBuildFile; fileRef = 3DCA44AD1B26CB3400B66BD2 /* EventWeather.m */; };
		3DCA44CF1B26CB3400B66BD2 /* Coordinate.m in Sources */ = {isa = PBXBuildFile; fileRef = 3DCA44B01B26CB3400B66BD2 /* Coordinate.m */; };
		3DCA44D01B26CB3400B66BD2 /* Course.m in Sources */ = {isa = PBXBuildFile; fileRef = 3DCA44B21B26CB3400B66BD2 /* Course.m */; };
		3DCA44D11B26CB3400B66BD2 /* Department.m in Sources */ = {isa = PBXBuildFile; fileRef = 3DCA44B41B26CB3400B66BD2 /* Department.m */; };
		3DCA44D21B26CB3400B66BD2 /* StaffMember.m in Sources */ = {isa = PBXBuildFile; fileRef = 3DCA44B61B26CB3400B66BD2 /* StaffMember.m */; };
		3DCA44D31B26CB3400B66BD2 /* StaffType.m in Sources */ = {isa = PBXBuildFile; fileRef = 3DCA44B81B26CB3400B66BD2 /* StaffType.m */; };
		3DCA44D41B26CB3400B66BD2 /* GolfrzError.m in Sources */ = {isa = PBXBuildFile; fileRef = 3DCA44BB1B26CB3400B66BD2 /* GolfrzError.m */; };
		3DCA44D51B26CB3400B66BD2 /* GolfrzErrorResponse.m in Sources */ = {isa = PBXBuildFile; fileRef = 3DCA44BD1B26CB3400B66BD2 /* GolfrzErrorResponse.m */; };
		3DCA44D61B26CB3400B66BD2 /* Beverage.m in Sources */ = {isa = PBXBuildFile; fileRef = 3DCA44C01B26CB3400B66BD2 /* Beverage.m */; };
		3DCA44D71B26CB3400B66BD2 /* Food.m in Sources */ = {isa = PBXBuildFile; fileRef = 3DCA44C21B26CB3400B66BD2 /* Food.m */; };
		3DCA44D81B26CB3400B66BD2 /* Menu.m in Sources */ = {isa = PBXBuildFile; fileRef = 3DCA44C41B26CB3400B66BD2 /* Menu.m */; };
		3DCA44D91B26CB3400B66BD2 /* SideItem.m in Sources */ = {isa = PBXBuildFile; fileRef = 3DCA44C61B26CB3400B66BD2 /* SideItem.m */; };
		3DD9BD0D1B14BE1C00A2F296 /* CalendarUtilities.m in Sources */ = {isa = PBXBuildFile; fileRef = 3DD9BD081B14BE1C00A2F296 /* CalendarUtilities.m */; };
		3DD9BD0E1B14BE1C00A2F296 /* NSDate+Helper.m in Sources */ = {isa = PBXBuildFile; fileRef = 3DD9BD0A1B14BE1C00A2F296 /* NSDate+Helper.m */; };
		3DD9BD0F1B14BE1C00A2F296 /* THCalendarInfo.m in Sources */ = {isa = PBXBuildFile; fileRef = 3DD9BD0C1B14BE1C00A2F296 /* THCalendarInfo.m */; };
		3DD9BD261B14C39000A2F296 /* CalendarEventServices.m in Sources */ = {isa = PBXBuildFile; fileRef = 3DD9BD251B14C39000A2F296 /* CalendarEventServices.m */; };
		3DF9936F1B256999006EBC39 /* PushManager.m in Sources */ = {isa = PBXBuildFile; fileRef = 3DF9936E1B256999006EBC39 /* PushManager.m */; };
		3DF993721B256A4A006EBC39 /* AppDelegate+Push.m in Sources */ = {isa = PBXBuildFile; fileRef = 3DF993711B256A4A006EBC39 /* AppDelegate+Push.m */; };
		3DFD15B61B25B2AB008F76D8 /* CoreLocation.framework in Frameworks */ = {isa = PBXBuildFile; fileRef = 3DFD15B51B25B2AA008F76D8 /* CoreLocation.framework */; };
		88024F6C1AD29134004AC260 /* Main.storyboard in Resources */ = {isa = PBXBuildFile; fileRef = 88024F6A1AD29134004AC260 /* Main.storyboard */; };
		88024F6E1AD29134004AC260 /* Images.xcassets in Resources */ = {isa = PBXBuildFile; fileRef = 88024F6D1AD29134004AC260 /* Images.xcassets */; };
		88024F711AD29134004AC260 /* LaunchScreen.xib in Resources */ = {isa = PBXBuildFile; fileRef = 88024F6F1AD29134004AC260 /* LaunchScreen.xib */; };
		88024F7D1AD29134004AC260 /* GolfersProjectTests.m in Sources */ = {isa = PBXBuildFile; fileRef = 88024F7C1AD29134004AC260 /* GolfersProjectTests.m */; };
		885CB0441B09BA9D00AD2A7B /* AppDelegate.m in Sources */ = {isa = PBXBuildFile; fileRef = 885CB0251B09BA9D00AD2A7B /* AppDelegate.m */; };
		885CB0681B09BADE00AD2A7B /* InitialViewController.m in Sources */ = {isa = PBXBuildFile; fileRef = 885CB05B1B09BADE00AD2A7B /* InitialViewController.m */; };
		885CB06A1B09BADE00AD2A7B /* SignInViewController.m in Sources */ = {isa = PBXBuildFile; fileRef = 885CB0611B09BADE00AD2A7B /* SignInViewController.m */; };
		885CB06B1B09BADE00AD2A7B /* SignUpViewController.m in Sources */ = {isa = PBXBuildFile; fileRef = 885CB0641B09BADE00AD2A7B /* SignUpViewController.m */; };
		885CB06D1B09BDCD00AD2A7B /* README.md in Sources */ = {isa = PBXBuildFile; fileRef = 885CB06C1B09BDCD00AD2A7B /* README.md */; };
		885CB0751B09FB0100AD2A7B /* APIClient.m in Sources */ = {isa = PBXBuildFile; fileRef = 885CB0741B09FB0100AD2A7B /* APIClient.m */; };
		885CB0801B0A128100AD2A7B /* AuthenticationService.m in Sources */ = {isa = PBXBuildFile; fileRef = 885CB07F1B0A128100AD2A7B /* AuthenticationService.m */; };
		886B9ED41B0B95900078B09D /* ForgotPasswordViewController.m in Sources */ = {isa = PBXBuildFile; fileRef = 886B9ED31B0B95900078B09D /* ForgotPasswordViewController.m */; };
		88709E9E1B0DB600005DA345 /* ForgotPasswordSViewController.m in Sources */ = {isa = PBXBuildFile; fileRef = 88709E9D1B0DB600005DA345 /* ForgotPasswordSViewController.m */; };
		8873AA761B18C5F500E74C87 /* EventAdminViewController.m in Sources */ = {isa = PBXBuildFile; fileRef = 8873AA751B18C5F500E74C87 /* EventAdminViewController.m */; };
		887C51311B21C9E300C778D7 /* UIImageView+RoundedImage.m in Sources */ = {isa = PBXBuildFile; fileRef = 887C51301B21C9E300C778D7 /* UIImageView+RoundedImage.m */; };
		889872BF1B13105C00D3C0E9 /* Utilities.m in Sources */ = {isa = PBXBuildFile; fileRef = 889872BE1B13105C00D3C0E9 /* Utilities.m */; };
		889872C91B13239400D3C0E9 /* SideNotificationView.xib in Resources */ = {isa = PBXBuildFile; fileRef = 889872C81B13239400D3C0E9 /* SideNotificationView.xib */; };
		889872CC1B13437400D3C0E9 /* SideNotificationView.m in Sources */ = {isa = PBXBuildFile; fileRef = 889872CB1B13437400D3C0E9 /* SideNotificationView.m */; };
		88B21DEB1B1C390100AFC6D2 /* SplashScreenViewController.m in Sources */ = {isa = PBXBuildFile; fileRef = 88B21DEA1B1C390100AFC6D2 /* SplashScreenViewController.m */; };
		88B23C171B16E49800988908 /* ContactUsViewController.m in Sources */ = {isa = PBXBuildFile; fileRef = 88B23C161B16E49800988908 /* ContactUsViewController.m */; };
		88B23C1C1B16E69D00988908 /* CourseDepartmentCell.m in Sources */ = {isa = PBXBuildFile; fileRef = 88B23C1B1B16E69D00988908 /* CourseDepartmentCell.m */; };
		88D813AD1B17640E00FD7D0E /* PlayerSettingsMainViewController.m in Sources */ = {isa = PBXBuildFile; fileRef = 88D813AC1B17640E00FD7D0E /* PlayerSettingsMainViewController.m */; };
		88FBCCB71B19A572005FD528 /* User.m in Sources */ = {isa = PBXBuildFile; fileRef = 88FBCCB61B19A572005FD528 /* User.m */; };
/* End PBXBuildFile section */

/* Begin PBXContainerItemProxy section */
		88024F771AD29134004AC260 /* PBXContainerItemProxy */ = {
			isa = PBXContainerItemProxy;
			containerPortal = 88024F551AD29134004AC260 /* Project object */;
			proxyType = 1;
			remoteGlobalIDString = 88024F5C1AD29134004AC260;
			remoteInfo = GolfersProject;
		};
/* End PBXContainerItemProxy section */

/* Begin PBXFileReference section */
		3D16D0821B1C3FFB00A582A3 /* SharedManager.h */ = {isa = PBXFileReference; fileEncoding = 4; lastKnownFileType = sourcecode.c.h; path = SharedManager.h; sourceTree = "<group>"; };
		3D16D0831B1C3FFB00A582A3 /* SharedManager.m */ = {isa = PBXFileReference; fileEncoding = 4; lastKnownFileType = sourcecode.c.objc; path = SharedManager.m; sourceTree = "<group>"; };
		3D1963B71B0CE05700766CFC /* CourseServices.h */ = {isa = PBXFileReference; fileEncoding = 4; lastKnownFileType = sourcecode.c.h; path = CourseServices.h; sourceTree = "<group>"; };
		3D1963B81B0CE05700766CFC /* CourseServices.m */ = {isa = PBXFileReference; fileEncoding = 4; lastKnownFileType = sourcecode.c.objc; path = CourseServices.m; sourceTree = "<group>"; };
		3D1963BA1B0CE05700766CFC /* UserServices.h */ = {isa = PBXFileReference; fileEncoding = 4; lastKnownFileType = sourcecode.c.h; path = UserServices.h; sourceTree = "<group>"; };
		3D1963BB1B0CE05700766CFC /* UserServices.m */ = {isa = PBXFileReference; fileEncoding = 4; lastKnownFileType = sourcecode.c.objc; path = UserServices.m; sourceTree = "<group>"; };
		3D1963C21B0DAECD00766CFC /* WeatherServices.h */ = {isa = PBXFileReference; fileEncoding = 4; lastKnownFileType = sourcecode.c.h; path = WeatherServices.h; sourceTree = "<group>"; };
		3D1963C31B0DAECD00766CFC /* WeatherServices.m */ = {isa = PBXFileReference; fileEncoding = 4; lastKnownFileType = sourcecode.c.objc; path = WeatherServices.m; sourceTree = "<group>"; };
		3D1963C91B0DBC2600766CFC /* WeatherData.h */ = {isa = PBXFileReference; fileEncoding = 4; lastKnownFileType = sourcecode.c.h; path = WeatherData.h; sourceTree = "<group>"; };
		3D1963CA1B0DBC2600766CFC /* WeatherData.m */ = {isa = PBXFileReference; fileEncoding = 4; lastKnownFileType = sourcecode.c.objc; path = WeatherData.m; sourceTree = "<group>"; };
		3D1963CC1B0DBC8300766CFC /* Condition.h */ = {isa = PBXFileReference; fileEncoding = 4; lastKnownFileType = sourcecode.c.h; path = Condition.h; sourceTree = "<group>"; };
		3D1963CD1B0DBC8300766CFC /* Condition.m */ = {isa = PBXFileReference; fileEncoding = 4; lastKnownFileType = sourcecode.c.objc; path = Condition.m; sourceTree = "<group>"; };
		3D1963E31B0E1B5200766CFC /* ClubHouseContainerVC.h */ = {isa = PBXFileReference; fileEncoding = 4; lastKnownFileType = sourcecode.c.h; path = ClubHouseContainerVC.h; sourceTree = "<group>"; };
		3D1963E41B0E1B5200766CFC /* ClubHouseContainerVC.m */ = {isa = PBXFileReference; fileEncoding = 4; lastKnownFileType = sourcecode.c.objc; path = ClubHouseContainerVC.m; sourceTree = "<group>"; };
		3D1963E51B0E1B5200766CFC /* ClubHouseSubController.h */ = {isa = PBXFileReference; fileEncoding = 4; lastKnownFileType = sourcecode.c.h; path = ClubHouseSubController.h; sourceTree = "<group>"; };
		3D1963E61B0E1B5200766CFC /* ClubHouseSubController.m */ = {isa = PBXFileReference; fileEncoding = 4; lastKnownFileType = sourcecode.c.objc; path = ClubHouseSubController.m; sourceTree = "<group>"; };
		3D1963E81B0E1B5200766CFC /* ClubHouseViewController.h */ = {isa = PBXFileReference; fileEncoding = 4; lastKnownFileType = sourcecode.c.h; path = ClubHouseViewController.h; sourceTree = "<group>"; };
		3D1963E91B0E1B5200766CFC /* ClubHouseViewController.m */ = {isa = PBXFileReference; fileEncoding = 4; lastKnownFileType = sourcecode.c.objc; path = ClubHouseViewController.m; sourceTree = "<group>"; };
		3D1963EE1B0E1B6900766CFC /* PlayerProfileViewController.h */ = {isa = PBXFileReference; fileEncoding = 4; lastKnownFileType = sourcecode.c.h; path = PlayerProfileViewController.h; sourceTree = "<group>"; };
		3D1963EF1B0E1B6900766CFC /* PlayerProfileViewController.m */ = {isa = PBXFileReference; fileEncoding = 4; lastKnownFileType = sourcecode.c.objc; path = PlayerProfileViewController.m; sourceTree = "<group>"; };
		3D1963F11B0E1B6900766CFC /* RewardViewController.h */ = {isa = PBXFileReference; fileEncoding = 4; lastKnownFileType = sourcecode.c.h; path = RewardViewController.h; sourceTree = "<group>"; };
		3D1963F21B0E1B6900766CFC /* RewardViewController.m */ = {isa = PBXFileReference; fileEncoding = 4; lastKnownFileType = sourcecode.c.objc; path = RewardViewController.m; sourceTree = "<group>"; };
		3D1963F61B0E1F0500766CFC /* WeatherViewCell.h */ = {isa = PBXFileReference; fileEncoding = 4; lastKnownFileType = sourcecode.c.h; path = WeatherViewCell.h; sourceTree = "<group>"; };
		3D1963F71B0E1F0500766CFC /* WeatherViewCell.m */ = {isa = PBXFileReference; fileEncoding = 4; lastKnownFileType = sourcecode.c.objc; path = WeatherViewCell.m; sourceTree = "<group>"; };
		3D1963FF1B1305FC00766CFC /* PresentationServices.h */ = {isa = PBXFileReference; fileEncoding = 4; lastKnownFileType = sourcecode.c.h; path = PresentationServices.h; sourceTree = "<group>"; };
		3D1964001B1305FC00766CFC /* PresentationServices.m */ = {isa = PBXFileReference; fileEncoding = 4; lastKnownFileType = sourcecode.c.objc; path = PresentationServices.m; sourceTree = "<group>"; };
		3D19640B1B130E3B00766CFC /* MBProgressHUD.h */ = {isa = PBXFileReference; fileEncoding = 4; lastKnownFileType = sourcecode.c.h; path = MBProgressHUD.h; sourceTree = "<group>"; };
		3D19640C1B130E3B00766CFC /* MBProgressHUD.m */ = {isa = PBXFileReference; fileEncoding = 4; lastKnownFileType = sourcecode.c.objc; path = MBProgressHUD.m; sourceTree = "<group>"; };
		3D19640E1B130E3B00766CFC /* TPKeyboardAvoidingCollectionView.h */ = {isa = PBXFileReference; fileEncoding = 4; lastKnownFileType = sourcecode.c.h; path = TPKeyboardAvoidingCollectionView.h; sourceTree = "<group>"; };
		3D19640F1B130E3B00766CFC /* TPKeyboardAvoidingCollectionView.m */ = {isa = PBXFileReference; fileEncoding = 4; lastKnownFileType = sourcecode.c.objc; path = TPKeyboardAvoidingCollectionView.m; sourceTree = "<group>"; };
		3D1964101B130E3B00766CFC /* TPKeyboardAvoidingScrollView.h */ = {isa = PBXFileReference; fileEncoding = 4; lastKnownFileType = sourcecode.c.h; path = TPKeyboardAvoidingScrollView.h; sourceTree = "<group>"; };
		3D1964111B130E3B00766CFC /* TPKeyboardAvoidingScrollView.m */ = {isa = PBXFileReference; fileEncoding = 4; lastKnownFileType = sourcecode.c.objc; path = TPKeyboardAvoidingScrollView.m; sourceTree = "<group>"; };
		3D1964121B130E3B00766CFC /* TPKeyboardAvoidingTableView.h */ = {isa = PBXFileReference; fileEncoding = 4; lastKnownFileType = sourcecode.c.h; path = TPKeyboardAvoidingTableView.h; sourceTree = "<group>"; };
		3D1964131B130E3B00766CFC /* TPKeyboardAvoidingTableView.m */ = {isa = PBXFileReference; fileEncoding = 4; lastKnownFileType = sourcecode.c.objc; path = TPKeyboardAvoidingTableView.m; sourceTree = "<group>"; };
		3D1964141B130E3B00766CFC /* UIScrollView+TPKeyboardAvoidingAdditions.h */ = {isa = PBXFileReference; fileEncoding = 4; lastKnownFileType = sourcecode.c.h; path = "UIScrollView+TPKeyboardAvoidingAdditions.h"; sourceTree = "<group>"; };
		3D1964151B130E3B00766CFC /* UIScrollView+TPKeyboardAvoidingAdditions.m */ = {isa = PBXFileReference; fileEncoding = 4; lastKnownFileType = sourcecode.c.objc; path = "UIScrollView+TPKeyboardAvoidingAdditions.m"; sourceTree = "<group>"; };
		3D19641E1B13270F00766CFC /* FBSDKCoreKit.framework */ = {isa = PBXFileReference; lastKnownFileType = wrapper.framework; path = FBSDKCoreKit.framework; sourceTree = "<group>"; };
		3D19641F1B13270F00766CFC /* FBSDKLoginKit.framework */ = {isa = PBXFileReference; lastKnownFileType = wrapper.framework; path = FBSDKLoginKit.framework; sourceTree = "<group>"; };
		3D1964201B13270F00766CFC /* FBSDKShareKit.framework */ = {isa = PBXFileReference; lastKnownFileType = wrapper.framework; path = FBSDKShareKit.framework; sourceTree = "<group>"; };
		3D1964251B13305200766CFC /* FaceBookAuthAgent.h */ = {isa = PBXFileReference; fileEncoding = 4; lastKnownFileType = sourcecode.c.h; path = FaceBookAuthAgent.h; sourceTree = "<group>"; };
		3D1964261B13305200766CFC /* FaceBookAuthAgent.m */ = {isa = PBXFileReference; fileEncoding = 4; lastKnownFileType = sourcecode.c.objc; path = FaceBookAuthAgent.m; sourceTree = "<group>"; };
		3D5CA5D41B1F332B00CB6ED7 /* BaseViewController.h */ = {isa = PBXFileReference; fileEncoding = 4; lastKnownFileType = sourcecode.c.h; path = BaseViewController.h; sourceTree = "<group>"; };
		3D5CA5D51B1F332B00CB6ED7 /* BaseViewController.m */ = {isa = PBXFileReference; fileEncoding = 4; lastKnownFileType = sourcecode.c.objc; path = BaseViewController.m; sourceTree = "<group>"; };
		3D5CA5D71B20572E00CB6ED7 /* SystemConfiguration.framework */ = {isa = PBXFileReference; lastKnownFileType = wrapper.framework; name = SystemConfiguration.framework; path = System/Library/Frameworks/SystemConfiguration.framework; sourceTree = SDKROOT; };
		3D841D261B1CD97D00A267DE /* EventHeaderView.h */ = {isa = PBXFileReference; fileEncoding = 4; lastKnownFileType = sourcecode.c.h; path = EventHeaderView.h; sourceTree = "<group>"; };
		3D841D271B1CD97D00A267DE /* EventHeaderView.m */ = {isa = PBXFileReference; fileEncoding = 4; lastKnownFileType = sourcecode.c.objc; path = EventHeaderView.m; sourceTree = "<group>"; };
		3D841D291B1CD98800A267DE /* EventHeaderView.xib */ = {isa = PBXFileReference; fileEncoding = 4; lastKnownFileType = file.xib; path = EventHeaderView.xib; sourceTree = "<group>"; };
		3D87D8261B159FE00046BD60 /* EventCalendarViewController.h */ = {isa = PBXFileReference; fileEncoding = 4; lastKnownFileType = sourcecode.c.h; path = EventCalendarViewController.h; sourceTree = "<group>"; };
		3D87D8271B159FE00046BD60 /* EventCalendarViewController.m */ = {isa = PBXFileReference; fileEncoding = 4; lastKnownFileType = sourcecode.c.objc; path = EventCalendarViewController.m; sourceTree = "<group>"; };
		3D87D8291B15A0880046BD60 /* EventDetailViewController.h */ = {isa = PBXFileReference; fileEncoding = 4; lastKnownFileType = sourcecode.c.h; path = EventDetailViewController.h; sourceTree = "<group>"; };
		3D87D82A1B15A0880046BD60 /* EventDetailViewController.m */ = {isa = PBXFileReference; fileEncoding = 4; lastKnownFileType = sourcecode.c.objc; path = EventDetailViewController.m; sourceTree = "<group>"; };
		3D87D82F1B15A5F50046BD60 /* CalendarEventCell.h */ = {isa = PBXFileReference; fileEncoding = 4; lastKnownFileType = sourcecode.c.h; path = CalendarEventCell.h; sourceTree = "<group>"; };
		3D87D8301B15A5F50046BD60 /* CalendarEventCell.m */ = {isa = PBXFileReference; fileEncoding = 4; lastKnownFileType = sourcecode.c.objc; path = CalendarEventCell.m; sourceTree = "<group>"; };
		3D87D8311B15A5F50046BD60 /* CalendarEventCell.xib */ = {isa = PBXFileReference; fileEncoding = 4; lastKnownFileType = file.xib; path = CalendarEventCell.xib; sourceTree = "<group>"; };
		3D87D8381B1852120046BD60 /* NSDate+convenience.h */ = {isa = PBXFileReference; fileEncoding = 4; lastKnownFileType = sourcecode.c.h; path = "NSDate+convenience.h"; sourceTree = "<group>"; };
		3D87D8391B1852120046BD60 /* NSDate+convenience.m */ = {isa = PBXFileReference; fileEncoding = 4; lastKnownFileType = sourcecode.c.objc; path = "NSDate+convenience.m"; sourceTree = "<group>"; };
		3D87D83A1B1852120046BD60 /* NSMutableArray+convenience.h */ = {isa = PBXFileReference; fileEncoding = 4; lastKnownFileType = sourcecode.c.h; path = "NSMutableArray+convenience.h"; sourceTree = "<group>"; };
		3D87D83B1B1852120046BD60 /* NSMutableArray+convenience.m */ = {isa = PBXFileReference; fileEncoding = 4; lastKnownFileType = sourcecode.c.objc; path = "NSMutableArray+convenience.m"; sourceTree = "<group>"; };
		3D87D83C1B1852120046BD60 /* UIColor+expanded.h */ = {isa = PBXFileReference; fileEncoding = 4; lastKnownFileType = sourcecode.c.h; path = "UIColor+expanded.h"; sourceTree = "<group>"; };
		3D87D83D1B1852120046BD60 /* UIColor+expanded.m */ = {isa = PBXFileReference; fileEncoding = 4; lastKnownFileType = sourcecode.c.objc; path = "UIColor+expanded.m"; sourceTree = "<group>"; };
		3D87D83E1B1852120046BD60 /* UIView+convenience.h */ = {isa = PBXFileReference; fileEncoding = 4; lastKnownFileType = sourcecode.c.h; path = "UIView+convenience.h"; sourceTree = "<group>"; };
		3D87D83F1B1852120046BD60 /* UIView+convenience.m */ = {isa = PBXFileReference; fileEncoding = 4; lastKnownFileType = sourcecode.c.objc; path = "UIView+convenience.m"; sourceTree = "<group>"; };
		3D87D8401B1852120046BD60 /* VRGCalendarView.h */ = {isa = PBXFileReference; fileEncoding = 4; lastKnownFileType = sourcecode.c.h; path = VRGCalendarView.h; sourceTree = "<group>"; };
		3D87D8411B1852120046BD60 /* VRGCalendarView.m */ = {isa = PBXFileReference; fileEncoding = 4; lastKnownFileType = sourcecode.c.objc; path = VRGCalendarView.m; sourceTree = "<group>"; };
		3DCA44A81B26CB3400B66BD2 /* CalendarEvent.h */ = {isa = PBXFileReference; fileEncoding = 4; lastKnownFileType = sourcecode.c.h; path = CalendarEvent.h; sourceTree = "<group>"; };
		3DCA44A91B26CB3400B66BD2 /* CalendarEvent.m */ = {isa = PBXFileReference; fileEncoding = 4; lastKnownFileType = sourcecode.c.objc; path = CalendarEvent.m; sourceTree = "<group>"; };
		3DCA44AA1B26CB3400B66BD2 /* EventList.h */ = {isa = PBXFileReference; fileEncoding = 4; lastKnownFileType = sourcecode.c.h; path = EventList.h; sourceTree = "<group>"; };
		3DCA44AB1B26CB3400B66BD2 /* EventList.m */ = {isa = PBXFileReference; fileEncoding = 4; lastKnownFileType = sourcecode.c.objc; path = EventList.m; sourceTree = "<group>"; };
		3DCA44AC1B26CB3400B66BD2 /* EventWeather.h */ = {isa = PBXFileReference; fileEncoding = 4; lastKnownFileType = sourcecode.c.h; path = EventWeather.h; sourceTree = "<group>"; };
		3DCA44AD1B26CB3400B66BD2 /* EventWeather.m */ = {isa = PBXFileReference; fileEncoding = 4; lastKnownFileType = sourcecode.c.objc; path = EventWeather.m; sourceTree = "<group>"; };
		3DCA44AF1B26CB3400B66BD2 /* Coordinate.h */ = {isa = PBXFileReference; fileEncoding = 4; lastKnownFileType = sourcecode.c.h; path = Coordinate.h; sourceTree = "<group>"; };
		3DCA44B01B26CB3400B66BD2 /* Coordinate.m */ = {isa = PBXFileReference; fileEncoding = 4; lastKnownFileType = sourcecode.c.objc; path = Coordinate.m; sourceTree = "<group>"; };
		3DCA44B11B26CB3400B66BD2 /* Course.h */ = {isa = PBXFileReference; fileEncoding = 4; lastKnownFileType = sourcecode.c.h; path = Course.h; sourceTree = "<group>"; };
		3DCA44B21B26CB3400B66BD2 /* Course.m */ = {isa = PBXFileReference; fileEncoding = 4; lastKnownFileType = sourcecode.c.objc; path = Course.m; sourceTree = "<group>"; };
		3DCA44B31B26CB3400B66BD2 /* Department.h */ = {isa = PBXFileReference; fileEncoding = 4; lastKnownFileType = sourcecode.c.h; path = Department.h; sourceTree = "<group>"; };
		3DCA44B41B26CB3400B66BD2 /* Department.m */ = {isa = PBXFileReference; fileEncoding = 4; lastKnownFileType = sourcecode.c.objc; path = Department.m; sourceTree = "<group>"; };
		3DCA44B51B26CB3400B66BD2 /* StaffMember.h */ = {isa = PBXFileReference; fileEncoding = 4; lastKnownFileType = sourcecode.c.h; path = StaffMember.h; sourceTree = "<group>"; };
		3DCA44B61B26CB3400B66BD2 /* StaffMember.m */ = {isa = PBXFileReference; fileEncoding = 4; lastKnownFileType = sourcecode.c.objc; path = StaffMember.m; sourceTree = "<group>"; };
		3DCA44B71B26CB3400B66BD2 /* StaffType.h */ = {isa = PBXFileReference; fileEncoding = 4; lastKnownFileType = sourcecode.c.h; path = StaffType.h; sourceTree = "<group>"; };
		3DCA44B81B26CB3400B66BD2 /* StaffType.m */ = {isa = PBXFileReference; fileEncoding = 4; lastKnownFileType = sourcecode.c.objc; path = StaffType.m; sourceTree = "<group>"; };
		3DCA44BA1B26CB3400B66BD2 /* GolfrzError.h */ = {isa = PBXFileReference; fileEncoding = 4; lastKnownFileType = sourcecode.c.h; path = GolfrzError.h; sourceTree = "<group>"; };
		3DCA44BB1B26CB3400B66BD2 /* GolfrzError.m */ = {isa = PBXFileReference; fileEncoding = 4; lastKnownFileType = sourcecode.c.objc; path = GolfrzError.m; sourceTree = "<group>"; };
		3DCA44BC1B26CB3400B66BD2 /* GolfrzErrorResponse.h */ = {isa = PBXFileReference; fileEncoding = 4; lastKnownFileType = sourcecode.c.h; path = GolfrzErrorResponse.h; sourceTree = "<group>"; };
		3DCA44BD1B26CB3400B66BD2 /* GolfrzErrorResponse.m */ = {isa = PBXFileReference; fileEncoding = 4; lastKnownFileType = sourcecode.c.objc; path = GolfrzErrorResponse.m; sourceTree = "<group>"; };
		3DCA44BF1B26CB3400B66BD2 /* Beverage.h */ = {isa = PBXFileReference; fileEncoding = 4; lastKnownFileType = sourcecode.c.h; path = Beverage.h; sourceTree = "<group>"; };
		3DCA44C01B26CB3400B66BD2 /* Beverage.m */ = {isa = PBXFileReference; fileEncoding = 4; lastKnownFileType = sourcecode.c.objc; path = Beverage.m; sourceTree = "<group>"; };
		3DCA44C11B26CB3400B66BD2 /* Food.h */ = {isa = PBXFileReference; fileEncoding = 4; lastKnownFileType = sourcecode.c.h; path = Food.h; sourceTree = "<group>"; };
		3DCA44C21B26CB3400B66BD2 /* Food.m */ = {isa = PBXFileReference; fileEncoding = 4; lastKnownFileType = sourcecode.c.objc; path = Food.m; sourceTree = "<group>"; };
		3DCA44C31B26CB3400B66BD2 /* Menu.h */ = {isa = PBXFileReference; fileEncoding = 4; lastKnownFileType = sourcecode.c.h; path = Menu.h; sourceTree = "<group>"; };
		3DCA44C41B26CB3400B66BD2 /* Menu.m */ = {isa = PBXFileReference; fileEncoding = 4; lastKnownFileType = sourcecode.c.objc; path = Menu.m; sourceTree = "<group>"; };
		3DCA44C51B26CB3400B66BD2 /* SideItem.h */ = {isa = PBXFileReference; fileEncoding = 4; lastKnownFileType = sourcecode.c.h; path = SideItem.h; sourceTree = "<group>"; };
		3DCA44C61B26CB3400B66BD2 /* SideItem.m */ = {isa = PBXFileReference; fileEncoding = 4; lastKnownFileType = sourcecode.c.objc; path = SideItem.m; sourceTree = "<group>"; };
		3DCA44C81B26CB3400B66BD2 /* Condition.h */ = {isa = PBXFileReference; fileEncoding = 4; lastKnownFileType = sourcecode.c.h; path = Condition.h; sourceTree = "<group>"; };
		3DCA44C91B26CB3400B66BD2 /* Condition.m */ = {isa = PBXFileReference; fileEncoding = 4; lastKnownFileType = sourcecode.c.objc; path = Condition.m; sourceTree = "<group>"; };
		3DCA44CA1B26CB3400B66BD2 /* WeatherData.h */ = {isa = PBXFileReference; fileEncoding = 4; lastKnownFileType = sourcecode.c.h; path = WeatherData.h; sourceTree = "<group>"; };
		3DCA44CB1B26CB3400B66BD2 /* WeatherData.m */ = {isa = PBXFileReference; fileEncoding = 4; lastKnownFileType = sourcecode.c.objc; path = WeatherData.m; sourceTree = "<group>"; };
		3DD9BD071B14BE1C00A2F296 /* CalendarUtilities.h */ = {isa = PBXFileReference; fileEncoding = 4; lastKnownFileType = sourcecode.c.h; path = CalendarUtilities.h; sourceTree = "<group>"; };
		3DD9BD081B14BE1C00A2F296 /* CalendarUtilities.m */ = {isa = PBXFileReference; fileEncoding = 4; lastKnownFileType = sourcecode.c.objc; path = CalendarUtilities.m; sourceTree = "<group>"; };
		3DD9BD091B14BE1C00A2F296 /* NSDate+Helper.h */ = {isa = PBXFileReference; fileEncoding = 4; lastKnownFileType = sourcecode.c.h; path = "NSDate+Helper.h"; sourceTree = "<group>"; };
		3DD9BD0A1B14BE1C00A2F296 /* NSDate+Helper.m */ = {isa = PBXFileReference; fileEncoding = 4; lastKnownFileType = sourcecode.c.objc; path = "NSDate+Helper.m"; sourceTree = "<group>"; };
		3DD9BD0B1B14BE1C00A2F296 /* THCalendarInfo.h */ = {isa = PBXFileReference; fileEncoding = 4; lastKnownFileType = sourcecode.c.h; path = THCalendarInfo.h; sourceTree = "<group>"; };
		3DD9BD0C1B14BE1C00A2F296 /* THCalendarInfo.m */ = {isa = PBXFileReference; fileEncoding = 4; lastKnownFileType = sourcecode.c.objc; path = THCalendarInfo.m; sourceTree = "<group>"; };
		3DD9BD241B14C39000A2F296 /* CalendarEventServices.h */ = {isa = PBXFileReference; fileEncoding = 4; lastKnownFileType = sourcecode.c.h; path = CalendarEventServices.h; sourceTree = "<group>"; };
		3DD9BD251B14C39000A2F296 /* CalendarEventServices.m */ = {isa = PBXFileReference; fileEncoding = 4; lastKnownFileType = sourcecode.c.objc; path = CalendarEventServices.m; sourceTree = "<group>"; };
		3DF9936D1B256999006EBC39 /* PushManager.h */ = {isa = PBXFileReference; fileEncoding = 4; lastKnownFileType = sourcecode.c.h; path = PushManager.h; sourceTree = "<group>"; };
		3DF9936E1B256999006EBC39 /* PushManager.m */ = {isa = PBXFileReference; fileEncoding = 4; lastKnownFileType = sourcecode.c.objc; path = PushManager.m; sourceTree = "<group>"; };
		3DF993701B256A4A006EBC39 /* AppDelegate+Push.h */ = {isa = PBXFileReference; fileEncoding = 4; lastKnownFileType = sourcecode.c.h; path = "AppDelegate+Push.h"; sourceTree = "<group>"; };
		3DF993711B256A4A006EBC39 /* AppDelegate+Push.m */ = {isa = PBXFileReference; fileEncoding = 4; lastKnownFileType = sourcecode.c.objc; path = "AppDelegate+Push.m"; sourceTree = "<group>"; };
		3DFD15B51B25B2AA008F76D8 /* CoreLocation.framework */ = {isa = PBXFileReference; lastKnownFileType = wrapper.framework; name = CoreLocation.framework; path = System/Library/Frameworks/CoreLocation.framework; sourceTree = SDKROOT; };
		5A26DAF5CF62E34098597EA3 /* libPods.a */ = {isa = PBXFileReference; explicitFileType = archive.ar; includeInIndex = 0; path = libPods.a; sourceTree = BUILT_PRODUCTS_DIR; };
		88024F5D1AD29134004AC260 /* GolfersProject.app */ = {isa = PBXFileReference; explicitFileType = wrapper.application; includeInIndex = 0; path = GolfersProject.app; sourceTree = BUILT_PRODUCTS_DIR; };
		88024F611AD29134004AC260 /* Info.plist */ = {isa = PBXFileReference; lastKnownFileType = text.plist.xml; path = Info.plist; sourceTree = "<group>"; };
		88024F621AD29134004AC260 /* main.m */ = {isa = PBXFileReference; lastKnownFileType = sourcecode.c.objc; path = main.m; sourceTree = "<group>"; };
		88024F6B1AD29134004AC260 /* Base */ = {isa = PBXFileReference; lastKnownFileType = file.storyboard; name = Base; path = Base.lproj/Main.storyboard; sourceTree = "<group>"; };
		88024F6D1AD29134004AC260 /* Images.xcassets */ = {isa = PBXFileReference; lastKnownFileType = folder.assetcatalog; path = Images.xcassets; sourceTree = "<group>"; };
		88024F701AD29134004AC260 /* Base */ = {isa = PBXFileReference; lastKnownFileType = file.xib; name = Base; path = Base.lproj/LaunchScreen.xib; sourceTree = "<group>"; };
		88024F761AD29134004AC260 /* GolfersProjectTests.xctest */ = {isa = PBXFileReference; explicitFileType = wrapper.cfbundle; includeInIndex = 0; path = GolfersProjectTests.xctest; sourceTree = BUILT_PRODUCTS_DIR; };
		88024F7B1AD29134004AC260 /* Info.plist */ = {isa = PBXFileReference; lastKnownFileType = text.plist.xml; path = Info.plist; sourceTree = "<group>"; };
		88024F7C1AD29134004AC260 /* GolfersProjectTests.m */ = {isa = PBXFileReference; lastKnownFileType = sourcecode.c.objc; path = GolfersProjectTests.m; sourceTree = "<group>"; };
		885CB0241B09BA9D00AD2A7B /* AppDelegate.h */ = {isa = PBXFileReference; fileEncoding = 4; lastKnownFileType = sourcecode.c.h; path = AppDelegate.h; sourceTree = "<group>"; };
		885CB0251B09BA9D00AD2A7B /* AppDelegate.m */ = {isa = PBXFileReference; fileEncoding = 4; lastKnownFileType = sourcecode.c.objc; path = AppDelegate.m; sourceTree = "<group>"; };
		885CB05A1B09BADE00AD2A7B /* InitialViewController.h */ = {isa = PBXFileReference; fileEncoding = 4; lastKnownFileType = sourcecode.c.h; path = InitialViewController.h; sourceTree = "<group>"; };
		885CB05B1B09BADE00AD2A7B /* InitialViewController.m */ = {isa = PBXFileReference; fileEncoding = 4; lastKnownFileType = sourcecode.c.objc; path = InitialViewController.m; sourceTree = "<group>"; };
		885CB0601B09BADE00AD2A7B /* SignInViewController.h */ = {isa = PBXFileReference; fileEncoding = 4; lastKnownFileType = sourcecode.c.h; path = SignInViewController.h; sourceTree = "<group>"; };
		885CB0611B09BADE00AD2A7B /* SignInViewController.m */ = {isa = PBXFileReference; fileEncoding = 4; lastKnownFileType = sourcecode.c.objc; path = SignInViewController.m; sourceTree = "<group>"; };
		885CB0631B09BADE00AD2A7B /* SignUpViewController.h */ = {isa = PBXFileReference; fileEncoding = 4; lastKnownFileType = sourcecode.c.h; path = SignUpViewController.h; sourceTree = "<group>"; };
		885CB0641B09BADE00AD2A7B /* SignUpViewController.m */ = {isa = PBXFileReference; fileEncoding = 4; lastKnownFileType = sourcecode.c.objc; path = SignUpViewController.m; sourceTree = "<group>"; };
		885CB06C1B09BDCD00AD2A7B /* README.md */ = {isa = PBXFileReference; fileEncoding = 4; lastKnownFileType = net.daringfireball.markdown; name = README.md; path = GolfersProject/README.md; sourceTree = "<group>"; };
		885CB0731B09FB0100AD2A7B /* APIClient.h */ = {isa = PBXFileReference; fileEncoding = 4; lastKnownFileType = sourcecode.c.h; path = APIClient.h; sourceTree = "<group>"; };
		885CB0741B09FB0100AD2A7B /* APIClient.m */ = {isa = PBXFileReference; fileEncoding = 4; lastKnownFileType = sourcecode.c.objc; path = APIClient.m; sourceTree = "<group>"; };
		885CB07E1B0A128100AD2A7B /* AuthenticationService.h */ = {isa = PBXFileReference; fileEncoding = 4; lastKnownFileType = sourcecode.c.h; path = AuthenticationService.h; sourceTree = "<group>"; };
		885CB07F1B0A128100AD2A7B /* AuthenticationService.m */ = {isa = PBXFileReference; fileEncoding = 4; lastKnownFileType = sourcecode.c.objc; path = AuthenticationService.m; sourceTree = "<group>"; };
		886B9ED21B0B95900078B09D /* ForgotPasswordViewController.h */ = {isa = PBXFileReference; fileEncoding = 4; lastKnownFileType = sourcecode.c.h; path = ForgotPasswordViewController.h; sourceTree = "<group>"; };
		886B9ED31B0B95900078B09D /* ForgotPasswordViewController.m */ = {isa = PBXFileReference; fileEncoding = 4; lastKnownFileType = sourcecode.c.objc; path = ForgotPasswordViewController.m; sourceTree = "<group>"; };
		88709E9C1B0DB600005DA345 /* ForgotPasswordSViewController.h */ = {isa = PBXFileReference; fileEncoding = 4; lastKnownFileType = sourcecode.c.h; path = ForgotPasswordSViewController.h; sourceTree = "<group>"; };
		88709E9D1B0DB600005DA345 /* ForgotPasswordSViewController.m */ = {isa = PBXFileReference; fileEncoding = 4; lastKnownFileType = sourcecode.c.objc; path = ForgotPasswordSViewController.m; sourceTree = "<group>"; };
		8873AA741B18C5F500E74C87 /* EventAdminViewController.h */ = {isa = PBXFileReference; fileEncoding = 4; lastKnownFileType = sourcecode.c.h; path = EventAdminViewController.h; sourceTree = "<group>"; };
		8873AA751B18C5F500E74C87 /* EventAdminViewController.m */ = {isa = PBXFileReference; fileEncoding = 4; lastKnownFileType = sourcecode.c.objc; path = EventAdminViewController.m; sourceTree = "<group>"; };
		887C512F1B21C9E300C778D7 /* UIImageView+RoundedImage.h */ = {isa = PBXFileReference; fileEncoding = 4; lastKnownFileType = sourcecode.c.h; path = "UIImageView+RoundedImage.h"; sourceTree = "<group>"; };
		887C51301B21C9E300C778D7 /* UIImageView+RoundedImage.m */ = {isa = PBXFileReference; fileEncoding = 4; lastKnownFileType = sourcecode.c.objc; path = "UIImageView+RoundedImage.m"; sourceTree = "<group>"; };
		889872BD1B13105C00D3C0E9 /* Utilities.h */ = {isa = PBXFileReference; fileEncoding = 4; lastKnownFileType = sourcecode.c.h; path = Utilities.h; sourceTree = "<group>"; };
		889872BE1B13105C00D3C0E9 /* Utilities.m */ = {isa = PBXFileReference; fileEncoding = 4; lastKnownFileType = sourcecode.c.objc; path = Utilities.m; sourceTree = "<group>"; };
		889872C11B13111900D3C0E9 /* Alert-Constants.h */ = {isa = PBXFileReference; fileEncoding = 4; lastKnownFileType = sourcecode.c.h; path = "Alert-Constants.h"; sourceTree = "<group>"; };
		889872C21B13111900D3C0E9 /* Constants.h */ = {isa = PBXFileReference; fileEncoding = 4; lastKnownFileType = sourcecode.c.h; path = Constants.h; sourceTree = "<group>"; };
		889872C81B13239400D3C0E9 /* SideNotificationView.xib */ = {isa = PBXFileReference; fileEncoding = 4; lastKnownFileType = file.xib; name = SideNotificationView.xib; path = Views/SideNotificationView.xib; sourceTree = "<group>"; };
		889872CA1B13437400D3C0E9 /* SideNotificationView.h */ = {isa = PBXFileReference; fileEncoding = 4; lastKnownFileType = sourcecode.c.h; path = SideNotificationView.h; sourceTree = "<group>"; };
		889872CB1B13437400D3C0E9 /* SideNotificationView.m */ = {isa = PBXFileReference; fileEncoding = 4; lastKnownFileType = sourcecode.c.objc; path = SideNotificationView.m; sourceTree = "<group>"; };
		88B21DE91B1C390100AFC6D2 /* SplashScreenViewController.h */ = {isa = PBXFileReference; fileEncoding = 4; lastKnownFileType = sourcecode.c.h; path = SplashScreenViewController.h; sourceTree = "<group>"; };
		88B21DEA1B1C390100AFC6D2 /* SplashScreenViewController.m */ = {isa = PBXFileReference; fileEncoding = 4; lastKnownFileType = sourcecode.c.objc; path = SplashScreenViewController.m; sourceTree = "<group>"; };
		88B23C151B16E49800988908 /* ContactUsViewController.h */ = {isa = PBXFileReference; fileEncoding = 4; lastKnownFileType = sourcecode.c.h; path = ContactUsViewController.h; sourceTree = "<group>"; };
		88B23C161B16E49800988908 /* ContactUsViewController.m */ = {isa = PBXFileReference; fileEncoding = 4; lastKnownFileType = sourcecode.c.objc; path = ContactUsViewController.m; sourceTree = "<group>"; };
		88B23C1A1B16E69D00988908 /* CourseDepartmentCell.h */ = {isa = PBXFileReference; fileEncoding = 4; lastKnownFileType = sourcecode.c.h; path = CourseDepartmentCell.h; sourceTree = "<group>"; };
		88B23C1B1B16E69D00988908 /* CourseDepartmentCell.m */ = {isa = PBXFileReference; fileEncoding = 4; lastKnownFileType = sourcecode.c.objc; path = CourseDepartmentCell.m; sourceTree = "<group>"; };
		88D813AB1B17640E00FD7D0E /* PlayerSettingsMainViewController.h */ = {isa = PBXFileReference; fileEncoding = 4; lastKnownFileType = sourcecode.c.h; path = PlayerSettingsMainViewController.h; sourceTree = "<group>"; };
		88D813AC1B17640E00FD7D0E /* PlayerSettingsMainViewController.m */ = {isa = PBXFileReference; fileEncoding = 4; lastKnownFileType = sourcecode.c.objc; path = PlayerSettingsMainViewController.m; sourceTree = "<group>"; };
		88FBCCB51B19A572005FD528 /* User.h */ = {isa = PBXFileReference; fileEncoding = 4; lastKnownFileType = sourcecode.c.h; path = User.h; sourceTree = "<group>"; };
		88FBCCB61B19A572005FD528 /* User.m */ = {isa = PBXFileReference; fileEncoding = 4; lastKnownFileType = sourcecode.c.objc; path = User.m; sourceTree = "<group>"; };
		D817BE50C16025D4FB4E4951 /* Pods.debug.xcconfig */ = {isa = PBXFileReference; includeInIndex = 1; lastKnownFileType = text.xcconfig; name = Pods.debug.xcconfig; path = "Pods/Target Support Files/Pods/Pods.debug.xcconfig"; sourceTree = "<group>"; };
		E15946F021CC95FC21355D7C /* Pods.release.xcconfig */ = {isa = PBXFileReference; includeInIndex = 1; lastKnownFileType = text.xcconfig; name = Pods.release.xcconfig; path = "Pods/Target Support Files/Pods/Pods.release.xcconfig"; sourceTree = "<group>"; };
/* End PBXFileReference section */

/* Begin PBXFrameworksBuildPhase section */
		88024F5A1AD29134004AC260 /* Frameworks */ = {
			isa = PBXFrameworksBuildPhase;
			buildActionMask = 2147483647;
			files = (
				3DFD15B61B25B2AB008F76D8 /* CoreLocation.framework in Frameworks */,
				3D5CA5D81B20572E00CB6ED7 /* SystemConfiguration.framework in Frameworks */,
				3D1964231B13271000766CFC /* FBSDKShareKit.framework in Frameworks */,
				32B56928BD94CBDCCDA0C43B /* libPods.a in Frameworks */,
				3D1964211B13270F00766CFC /* FBSDKCoreKit.framework in Frameworks */,
				3D1964221B13271000766CFC /* FBSDKLoginKit.framework in Frameworks */,
			);
			runOnlyForDeploymentPostprocessing = 0;
		};
		88024F731AD29134004AC260 /* Frameworks */ = {
			isa = PBXFrameworksBuildPhase;
			buildActionMask = 2147483647;
			files = (
			);
			runOnlyForDeploymentPostprocessing = 0;
		};
/* End PBXFrameworksBuildPhase section */

/* Begin PBXGroup section */
		3D16D0811B1C3FDB00A582A3 /* SharedManager */ = {
			isa = PBXGroup;
			children = (
				3D16D0821B1C3FFB00A582A3 /* SharedManager.h */,
				3D16D0831B1C3FFB00A582A3 /* SharedManager.m */,
			);
			path = SharedManager;
			sourceTree = "<group>";
		};
		3D1963B61B0CE05700766CFC /* CourseServices */ = {
			isa = PBXGroup;
			children = (
				3D1963B71B0CE05700766CFC /* CourseServices.h */,
				3D1963B81B0CE05700766CFC /* CourseServices.m */,
			);
			path = CourseServices;
			sourceTree = "<group>";
		};
		3D1963B91B0CE05700766CFC /* UserServices */ = {
			isa = PBXGroup;
			children = (
				3D1963BA1B0CE05700766CFC /* UserServices.h */,
				3D1963BB1B0CE05700766CFC /* UserServices.m */,
			);
			path = UserServices;
			sourceTree = "<group>";
		};
		3D1963C11B0DAEB200766CFC /* WeatherServices */ = {
			isa = PBXGroup;
			children = (
				3D1963C21B0DAECD00766CFC /* WeatherServices.h */,
				3D1963C31B0DAECD00766CFC /* WeatherServices.m */,
			);
			path = WeatherServices;
			sourceTree = "<group>";
		};
		3D1963C81B0DBC2600766CFC /* WeatherModel */ = {
			isa = PBXGroup;
			children = (
				3D1963C91B0DBC2600766CFC /* WeatherData.h */,
				3D1963CA1B0DBC2600766CFC /* WeatherData.m */,
				3D1963CC1B0DBC8300766CFC /* Condition.h */,
				3D1963CD1B0DBC8300766CFC /* Condition.m */,
			);
			path = WeatherModel;
			sourceTree = "<group>";
		};
		3D1963E21B0E1B5200766CFC /* ClubHouseContainerVC */ = {
			isa = PBXGroup;
			children = (
				3D1963E31B0E1B5200766CFC /* ClubHouseContainerVC.h */,
				3D1963E41B0E1B5200766CFC /* ClubHouseContainerVC.m */,
				3D1963E51B0E1B5200766CFC /* ClubHouseSubController.h */,
				3D1963E61B0E1B5200766CFC /* ClubHouseSubController.m */,
			);
			path = ClubHouseContainerVC;
			sourceTree = "<group>";
		};
		3D1963E71B0E1B5200766CFC /* ClubHouseViewController */ = {
			isa = PBXGroup;
			children = (
				3D1963E81B0E1B5200766CFC /* ClubHouseViewController.h */,
				3D1963E91B0E1B5200766CFC /* ClubHouseViewController.m */,
			);
			path = ClubHouseViewController;
			sourceTree = "<group>";
		};
		3D1963ED1B0E1B6900766CFC /* PlayerProfileViewController */ = {
			isa = PBXGroup;
			children = (
				3D1963EE1B0E1B6900766CFC /* PlayerProfileViewController.h */,
				3D1963EF1B0E1B6900766CFC /* PlayerProfileViewController.m */,
			);
			path = PlayerProfileViewController;
			sourceTree = "<group>";
		};
		3D1963F01B0E1B6900766CFC /* RewardViewController */ = {
			isa = PBXGroup;
			children = (
				3D1963F11B0E1B6900766CFC /* RewardViewController.h */,
				3D1963F21B0E1B6900766CFC /* RewardViewController.m */,
			);
			path = RewardViewController;
			sourceTree = "<group>";
		};
		3D1963F51B0E1F0500766CFC /* WeatherCell */ = {
			isa = PBXGroup;
			children = (
				3D1963F61B0E1F0500766CFC /* WeatherViewCell.h */,
				3D1963F71B0E1F0500766CFC /* WeatherViewCell.m */,
			);
			path = WeatherCell;
			sourceTree = "<group>";
		};
		3D1963FD1B1305D500766CFC /* GeoLocationServices */ = {
			isa = PBXGroup;
			children = (
			);
			path = GeoLocationServices;
			sourceTree = "<group>";
		};
		3D1963FE1B1305D500766CFC /* PresentationServices */ = {
			isa = PBXGroup;
			children = (
				3D1963FF1B1305FC00766CFC /* PresentationServices.h */,
				3D1964001B1305FC00766CFC /* PresentationServices.m */,
			);
			path = PresentationServices;
			sourceTree = "<group>";
		};
		3D1964021B130E3B00766CFC /* Vendors */ = {
			isa = PBXGroup;
			children = (
				3D87D8371B1852120046BD60 /* VurigCalendar */,
				3DD9BD061B14BE1C00A2F296 /* CalenderUtils */,
				3D19641E1B13270F00766CFC /* FBSDKCoreKit.framework */,
				3D19641F1B13270F00766CFC /* FBSDKLoginKit.framework */,
				3D1964201B13270F00766CFC /* FBSDKShareKit.framework */,
				3D19640A1B130E3B00766CFC /* MDProgressHUD */,
				3D19640D1B130E3B00766CFC /* TPKeyboardAvoiding */,
			);
			path = Vendors;
			sourceTree = "<group>";
		};
		3D19640A1B130E3B00766CFC /* MDProgressHUD */ = {
			isa = PBXGroup;
			children = (
				3D19640B1B130E3B00766CFC /* MBProgressHUD.h */,
				3D19640C1B130E3B00766CFC /* MBProgressHUD.m */,
			);
			path = MDProgressHUD;
			sourceTree = "<group>";
		};
		3D19640D1B130E3B00766CFC /* TPKeyboardAvoiding */ = {
			isa = PBXGroup;
			children = (
				3D19640E1B130E3B00766CFC /* TPKeyboardAvoidingCollectionView.h */,
				3D19640F1B130E3B00766CFC /* TPKeyboardAvoidingCollectionView.m */,
				3D1964101B130E3B00766CFC /* TPKeyboardAvoidingScrollView.h */,
				3D1964111B130E3B00766CFC /* TPKeyboardAvoidingScrollView.m */,
				3D1964121B130E3B00766CFC /* TPKeyboardAvoidingTableView.h */,
				3D1964131B130E3B00766CFC /* TPKeyboardAvoidingTableView.m */,
				3D1964141B130E3B00766CFC /* UIScrollView+TPKeyboardAvoidingAdditions.h */,
				3D1964151B130E3B00766CFC /* UIScrollView+TPKeyboardAvoidingAdditions.m */,
			);
			path = TPKeyboardAvoiding;
			sourceTree = "<group>";
		};
		3D1964241B13302A00766CFC /* FBAuthenticationAgent */ = {
			isa = PBXGroup;
			children = (
				3D1964251B13305200766CFC /* FaceBookAuthAgent.h */,
				3D1964261B13305200766CFC /* FaceBookAuthAgent.m */,
			);
			path = FBAuthenticationAgent;
			sourceTree = "<group>";
		};
		3D5CA5D31B1F332B00CB6ED7 /* BaseViewController */ = {
			isa = PBXGroup;
			children = (
				3D5CA5D41B1F332B00CB6ED7 /* BaseViewController.h */,
				3D5CA5D51B1F332B00CB6ED7 /* BaseViewController.m */,
			);
			path = BaseViewController;
			sourceTree = "<group>";
		};
		3D87D8241B159FBB0046BD60 /* EventCalendarViewController */ = {
			isa = PBXGroup;
			children = (
				3D87D8261B159FE00046BD60 /* EventCalendarViewController.h */,
				3D87D8271B159FE00046BD60 /* EventCalendarViewController.m */,
			);
			path = EventCalendarViewController;
			sourceTree = "<group>";
		};
		3D87D8251B159FBB0046BD60 /* EventDetailViewController */ = {
			isa = PBXGroup;
			children = (
				3D87D8291B15A0880046BD60 /* EventDetailViewController.h */,
				3D87D82A1B15A0880046BD60 /* EventDetailViewController.m */,
			);
			path = EventDetailViewController;
			sourceTree = "<group>";
		};
		3D87D8371B1852120046BD60 /* VurigCalendar */ = {
			isa = PBXGroup;
			children = (
				3D87D8381B1852120046BD60 /* NSDate+convenience.h */,
				3D87D8391B1852120046BD60 /* NSDate+convenience.m */,
				3D87D83A1B1852120046BD60 /* NSMutableArray+convenience.h */,
				3D87D83B1B1852120046BD60 /* NSMutableArray+convenience.m */,
				3D87D83C1B1852120046BD60 /* UIColor+expanded.h */,
				3D87D83D1B1852120046BD60 /* UIColor+expanded.m */,
				3D87D83E1B1852120046BD60 /* UIView+convenience.h */,
				3D87D83F1B1852120046BD60 /* UIView+convenience.m */,
				3D87D8401B1852120046BD60 /* VRGCalendarView.h */,
				3D87D8411B1852120046BD60 /* VRGCalendarView.m */,
			);
			path = VurigCalendar;
			sourceTree = "<group>";
		};
		3DCA44A71B26CB3400B66BD2 /* CalendarEvent */ = {
			isa = PBXGroup;
			children = (
				3DCA44A81B26CB3400B66BD2 /* CalendarEvent.h */,
				3DCA44A91B26CB3400B66BD2 /* CalendarEvent.m */,
				3DCA44AA1B26CB3400B66BD2 /* EventList.h */,
				3DCA44AB1B26CB3400B66BD2 /* EventList.m */,
				3DCA44AC1B26CB3400B66BD2 /* EventWeather.h */,
				3DCA44AD1B26CB3400B66BD2 /* EventWeather.m */,
			);
			path = CalendarEvent;
			sourceTree = "<group>";
		};
		3DCA44AE1B26CB3400B66BD2 /* Course */ = {
			isa = PBXGroup;
			children = (
				3DCA44AF1B26CB3400B66BD2 /* Coordinate.h */,
				3DCA44B01B26CB3400B66BD2 /* Coordinate.m */,
				3DCA44B11B26CB3400B66BD2 /* Course.h */,
				3DCA44B21B26CB3400B66BD2 /* Course.m */,
				3DCA44B31B26CB3400B66BD2 /* Department.h */,
				3DCA44B41B26CB3400B66BD2 /* Department.m */,
				3DCA44B51B26CB3400B66BD2 /* StaffMember.h */,
				3DCA44B61B26CB3400B66BD2 /* StaffMember.m */,
				3DCA44B71B26CB3400B66BD2 /* StaffType.h */,
				3DCA44B81B26CB3400B66BD2 /* StaffType.m */,
			);
			path = Course;
			sourceTree = "<group>";
		};
		3DCA44B91B26CB3400B66BD2 /* ErrorHandling */ = {
			isa = PBXGroup;
			children = (
				3DCA44BA1B26CB3400B66BD2 /* GolfrzError.h */,
				3DCA44BB1B26CB3400B66BD2 /* GolfrzError.m */,
				3DCA44BC1B26CB3400B66BD2 /* GolfrzErrorResponse.h */,
				3DCA44BD1B26CB3400B66BD2 /* GolfrzErrorResponse.m */,
			);
			path = ErrorHandling;
			sourceTree = "<group>";
		};
		3DCA44BE1B26CB3400B66BD2 /* FoodMenu */ = {
			isa = PBXGroup;
			children = (
				3DCA44BF1B26CB3400B66BD2 /* Beverage.h */,
				3DCA44C01B26CB3400B66BD2 /* Beverage.m */,
				3DCA44C11B26CB3400B66BD2 /* Food.h */,
				3DCA44C21B26CB3400B66BD2 /* Food.m */,
				3DCA44C31B26CB3400B66BD2 /* Menu.h */,
				3DCA44C41B26CB3400B66BD2 /* Menu.m */,
				3DCA44C51B26CB3400B66BD2 /* SideItem.h */,
				3DCA44C61B26CB3400B66BD2 /* SideItem.m */,
			);
			path = FoodMenu;
			sourceTree = "<group>";
		};
		3DCA44C71B26CB3400B66BD2 /* WeatherModel */ = {
			isa = PBXGroup;
			children = (
				3DCA44C81B26CB3400B66BD2 /* Condition.h */,
				3DCA44C91B26CB3400B66BD2 /* Condition.m */,
				3DCA44CA1B26CB3400B66BD2 /* WeatherData.h */,
				3DCA44CB1B26CB3400B66BD2 /* WeatherData.m */,
			);
			path = WeatherModel;
			sourceTree = "<group>";
		};
		3DD9BD061B14BE1C00A2F296 /* CalenderUtils */ = {
			isa = PBXGroup;
			children = (
				3DD9BD071B14BE1C00A2F296 /* CalendarUtilities.h */,
				3DD9BD081B14BE1C00A2F296 /* CalendarUtilities.m */,
				3DD9BD091B14BE1C00A2F296 /* NSDate+Helper.h */,
				3DD9BD0A1B14BE1C00A2F296 /* NSDate+Helper.m */,
				3DD9BD0B1B14BE1C00A2F296 /* THCalendarInfo.h */,
				3DD9BD0C1B14BE1C00A2F296 /* THCalendarInfo.m */,
			);
			path = CalenderUtils;
			sourceTree = "<group>";
		};
		3DD9BD231B14C36D00A2F296 /* EventServices */ = {
			isa = PBXGroup;
			children = (
				3DD9BD241B14C39000A2F296 /* CalendarEventServices.h */,
				3DD9BD251B14C39000A2F296 /* CalendarEventServices.m */,
			);
			path = EventServices;
			sourceTree = "<group>";
		};
		3DF9936C1B256977006EBC39 /* PushManager */ = {
			isa = PBXGroup;
			children = (
				3DF993701B256A4A006EBC39 /* AppDelegate+Push.h */,
				3DF993711B256A4A006EBC39 /* AppDelegate+Push.m */,
				3DF9936D1B256999006EBC39 /* PushManager.h */,
				3DF9936E1B256999006EBC39 /* PushManager.m */,
			);
			path = PushManager;
			sourceTree = "<group>";
		};
		66D43E9E53452F667DDF180D /* Pods */ = {
			isa = PBXGroup;
			children = (
				D817BE50C16025D4FB4E4951 /* Pods.debug.xcconfig */,
				E15946F021CC95FC21355D7C /* Pods.release.xcconfig */,
			);
			name = Pods;
			sourceTree = "<group>";
		};
		88024F541AD29134004AC260 = {
			isa = PBXGroup;
			children = (
				885CB06C1B09BDCD00AD2A7B /* README.md */,
				88024F5F1AD29134004AC260 /* GolfersProject */,
				88024F791AD29134004AC260 /* GolfersProjectTests */,
				88024F5E1AD29134004AC260 /* Products */,
				66D43E9E53452F667DDF180D /* Pods */,
				C91B48159ABC56B52D213A0C /* Frameworks */,
			);
			sourceTree = "<group>";
		};
		88024F5E1AD29134004AC260 /* Products */ = {
			isa = PBXGroup;
			children = (
				88024F5D1AD29134004AC260 /* GolfersProject.app */,
				88024F761AD29134004AC260 /* GolfersProjectTests.xctest */,
			);
			name = Products;
			sourceTree = "<group>";
		};
		88024F5F1AD29134004AC260 /* GolfersProject */ = {
			isa = PBXGroup;
			children = (
				3DF9936C1B256977006EBC39 /* PushManager */,
				3D16D0811B1C3FDB00A582A3 /* SharedManager */,
				88B23C191B16E63B00988908 /* CourseDepartmentCell */,
				889872C71B13237F00D3C0E9 /* Views */,
				889872C01B13111900D3C0E9 /* Constants */,
				889872BC1B13103300D3C0E9 /* Utilities */,
				3D1963F51B0E1F0500766CFC /* WeatherCell */,
				885CB07C1B0A121300AD2A7B /* Services */,
				885CB04F1B09BADE00AD2A7B /* ViewController */,
				3D1964021B130E3B00766CFC /* Vendors */,
				885CB0231B09BA9D00AD2A7B /* AppDelegate */,
				885CB06E1B09F7F100AD2A7B /* APIClient */,
				885CB06F1B09F91700AD2A7B /* Model */,
				88024F6A1AD29134004AC260 /* Main.storyboard */,
				88024F6D1AD29134004AC260 /* Images.xcassets */,
				88024F6F1AD29134004AC260 /* LaunchScreen.xib */,
				88024F601AD29134004AC260 /* Supporting Files */,
				889872C81B13239400D3C0E9 /* SideNotificationView.xib */,
			);
			path = GolfersProject;
			sourceTree = "<group>";
		};
		88024F601AD29134004AC260 /* Supporting Files */ = {
			isa = PBXGroup;
			children = (
				88024F611AD29134004AC260 /* Info.plist */,
				88024F621AD29134004AC260 /* main.m */,
			);
			name = "Supporting Files";
			sourceTree = "<group>";
		};
		88024F791AD29134004AC260 /* GolfersProjectTests */ = {
			isa = PBXGroup;
			children = (
				88024F7C1AD29134004AC260 /* GolfersProjectTests.m */,
				88024F7A1AD29134004AC260 /* Supporting Files */,
			);
			path = GolfersProjectTests;
			sourceTree = "<group>";
		};
		88024F7A1AD29134004AC260 /* Supporting Files */ = {
			isa = PBXGroup;
			children = (
				88024F7B1AD29134004AC260 /* Info.plist */,
			);
			name = "Supporting Files";
			sourceTree = "<group>";
		};
		885CB0231B09BA9D00AD2A7B /* AppDelegate */ = {
			isa = PBXGroup;
			children = (
				885CB0241B09BA9D00AD2A7B /* AppDelegate.h */,
				885CB0251B09BA9D00AD2A7B /* AppDelegate.m */,
			);
			path = AppDelegate;
			sourceTree = "<group>";
		};
		885CB04F1B09BADE00AD2A7B /* ViewController */ = {
			isa = PBXGroup;
			children = (
				887C512F1B21C9E300C778D7 /* UIImageView+RoundedImage.h */,
				887C51301B21C9E300C778D7 /* UIImageView+RoundedImage.m */,
				3D5CA5D31B1F332B00CB6ED7 /* BaseViewController */,
				88B21DE81B1C38DA00AFC6D2 /* SplashScreenViewController */,
				8873AA731B18C5D500E74C87 /* EventAdminViewController */,
				88D813AA1B1762C000FD7D0E /* PlayerSettingsViewController */,
				88B23C141B16E48200988908 /* ContactUsViewController */,
				3D87D8241B159FBB0046BD60 /* EventCalendarViewController */,
				3D87D8251B159FBB0046BD60 /* EventDetailViewController */,
				3D1963ED1B0E1B6900766CFC /* PlayerProfileViewController */,
				3D1963F01B0E1B6900766CFC /* RewardViewController */,
				3D1963E21B0E1B5200766CFC /* ClubHouseContainerVC */,
				3D1963E71B0E1B5200766CFC /* ClubHouseViewController */,
				886B9ED11B0B95900078B09D /* ForgotPasswordViewController */,
				885CB0591B09BADE00AD2A7B /* InitialViewController */,
				885CB05F1B09BADE00AD2A7B /* SignInViewController */,
				885CB0621B09BADE00AD2A7B /* SignUpViewController */,
			);
			path = ViewController;
			sourceTree = "<group>";
		};
		885CB0591B09BADE00AD2A7B /* InitialViewController */ = {
			isa = PBXGroup;
			children = (
				885CB05A1B09BADE00AD2A7B /* InitialViewController.h */,
				885CB05B1B09BADE00AD2A7B /* InitialViewController.m */,
			);
			path = InitialViewController;
			sourceTree = "<group>";
		};
		885CB05F1B09BADE00AD2A7B /* SignInViewController */ = {
			isa = PBXGroup;
			children = (
				885CB0601B09BADE00AD2A7B /* SignInViewController.h */,
				885CB0611B09BADE00AD2A7B /* SignInViewController.m */,
			);
			path = SignInViewController;
			sourceTree = "<group>";
		};
		885CB0621B09BADE00AD2A7B /* SignUpViewController */ = {
			isa = PBXGroup;
			children = (
				885CB0631B09BADE00AD2A7B /* SignUpViewController.h */,
				885CB0641B09BADE00AD2A7B /* SignUpViewController.m */,
			);
			path = SignUpViewController;
			sourceTree = "<group>";
		};
		885CB06E1B09F7F100AD2A7B /* APIClient */ = {
			isa = PBXGroup;
			children = (
				885CB0731B09FB0100AD2A7B /* APIClient.h */,
				885CB0741B09FB0100AD2A7B /* APIClient.m */,
			);
			path = APIClient;
			sourceTree = "<group>";
		};
		885CB06F1B09F91700AD2A7B /* Model */ = {
			isa = PBXGroup;
			children = (
				3DCA44A71B26CB3400B66BD2 /* CalendarEvent */,
				3DCA44AE1B26CB3400B66BD2 /* Course */,
				3DCA44B91B26CB3400B66BD2 /* ErrorHandling */,
				3DCA44BE1B26CB3400B66BD2 /* FoodMenu */,
				3DCA44C71B26CB3400B66BD2 /* WeatherModel */,
				88FBCCB51B19A572005FD528 /* User.h */,
				88FBCCB61B19A572005FD528 /* User.m */,
				3D1963C81B0DBC2600766CFC /* WeatherModel */,
			);
			path = Model;
			sourceTree = "<group>";
		};
		885CB07C1B0A121300AD2A7B /* Services */ = {
			isa = PBXGroup;
			children = (
				3DD9BD231B14C36D00A2F296 /* EventServices */,
				3D1964241B13302A00766CFC /* FBAuthenticationAgent */,
				3D1963FD1B1305D500766CFC /* GeoLocationServices */,
				3D1963FE1B1305D500766CFC /* PresentationServices */,
				3D1963C11B0DAEB200766CFC /* WeatherServices */,
				3D1963B61B0CE05700766CFC /* CourseServices */,
				3D1963B91B0CE05700766CFC /* UserServices */,
				885CB07D1B0A121300AD2A7B /* AuthenticationServices */,
			);
			path = Services;
			sourceTree = "<group>";
		};
		885CB07D1B0A121300AD2A7B /* AuthenticationServices */ = {
			isa = PBXGroup;
			children = (
				885CB07E1B0A128100AD2A7B /* AuthenticationService.h */,
				885CB07F1B0A128100AD2A7B /* AuthenticationService.m */,
			);
			path = AuthenticationServices;
			sourceTree = "<group>";
		};
		886B9ED11B0B95900078B09D /* ForgotPasswordViewController */ = {
			isa = PBXGroup;
			children = (
				886B9ED21B0B95900078B09D /* ForgotPasswordViewController.h */,
				886B9ED31B0B95900078B09D /* ForgotPasswordViewController.m */,
				88709E9C1B0DB600005DA345 /* ForgotPasswordSViewController.h */,
				88709E9D1B0DB600005DA345 /* ForgotPasswordSViewController.m */,
			);
			path = ForgotPasswordViewController;
			sourceTree = "<group>";
		};
		8873AA731B18C5D500E74C87 /* EventAdminViewController */ = {
			isa = PBXGroup;
			children = (
				8873AA741B18C5F500E74C87 /* EventAdminViewController.h */,
				8873AA751B18C5F500E74C87 /* EventAdminViewController.m */,
			);
			path = EventAdminViewController;
			sourceTree = "<group>";
		};
		889872BC1B13103300D3C0E9 /* Utilities */ = {
			isa = PBXGroup;
			children = (
				889872BD1B13105C00D3C0E9 /* Utilities.h */,
				889872BE1B13105C00D3C0E9 /* Utilities.m */,
			);
			path = Utilities;
			sourceTree = "<group>";
		};
		889872C01B13111900D3C0E9 /* Constants */ = {
			isa = PBXGroup;
			children = (
				889872C11B13111900D3C0E9 /* Alert-Constants.h */,
				889872C21B13111900D3C0E9 /* Constants.h */,
			);
			path = Constants;
			sourceTree = "<group>";
		};
		889872C71B13237F00D3C0E9 /* Views */ = {
			isa = PBXGroup;
			children = (
				3D841D291B1CD98800A267DE /* EventHeaderView.xib */,
				3D841D261B1CD97D00A267DE /* EventHeaderView.h */,
				3D841D271B1CD97D00A267DE /* EventHeaderView.m */,
				889872CA1B13437400D3C0E9 /* SideNotificationView.h */,
				889872CB1B13437400D3C0E9 /* SideNotificationView.m */,
				3D87D82F1B15A5F50046BD60 /* CalendarEventCell.h */,
				3D87D8301B15A5F50046BD60 /* CalendarEventCell.m */,
				3D87D8311B15A5F50046BD60 /* CalendarEventCell.xib */,
			);
			path = Views;
			sourceTree = "<group>";
		};
		88B21DE81B1C38DA00AFC6D2 /* SplashScreenViewController */ = {
			isa = PBXGroup;
			children = (
				88B21DE91B1C390100AFC6D2 /* SplashScreenViewController.h */,
				88B21DEA1B1C390100AFC6D2 /* SplashScreenViewController.m */,
			);
			path = SplashScreenViewController;
			sourceTree = "<group>";
		};
		88B23C141B16E48200988908 /* ContactUsViewController */ = {
			isa = PBXGroup;
			children = (
				88B23C151B16E49800988908 /* ContactUsViewController.h */,
				88B23C161B16E49800988908 /* ContactUsViewController.m */,
			);
			path = ContactUsViewController;
			sourceTree = "<group>";
		};
		88B23C191B16E63B00988908 /* CourseDepartmentCell */ = {
			isa = PBXGroup;
			children = (
				88B23C1A1B16E69D00988908 /* CourseDepartmentCell.h */,
				88B23C1B1B16E69D00988908 /* CourseDepartmentCell.m */,
			);
			path = CourseDepartmentCell;
			sourceTree = "<group>";
		};
		88D813AA1B1762C000FD7D0E /* PlayerSettingsViewController */ = {
			isa = PBXGroup;
			children = (
				88D813AB1B17640E00FD7D0E /* PlayerSettingsMainViewController.h */,
				88D813AC1B17640E00FD7D0E /* PlayerSettingsMainViewController.m */,
			);
			path = PlayerSettingsViewController;
			sourceTree = "<group>";
		};
		C91B48159ABC56B52D213A0C /* Frameworks */ = {
			isa = PBXGroup;
			children = (
				3DFD15B51B25B2AA008F76D8 /* CoreLocation.framework */,
				3D5CA5D71B20572E00CB6ED7 /* SystemConfiguration.framework */,
				5A26DAF5CF62E34098597EA3 /* libPods.a */,
			);
			name = Frameworks;
			sourceTree = "<group>";
		};
/* End PBXGroup section */

/* Begin PBXNativeTarget section */
		88024F5C1AD29134004AC260 /* GolfersProject */ = {
			isa = PBXNativeTarget;
			buildConfigurationList = 88024F801AD29134004AC260 /* Build configuration list for PBXNativeTarget "GolfersProject" */;
			buildPhases = (
				88024F591AD29134004AC260 /* Sources */,
				88024F5A1AD29134004AC260 /* Frameworks */,
				88024F5B1AD29134004AC260 /* Resources */,
				062D08ABEFCEB2B97249E626 /* Copy Pods Resources */,
			);
			buildRules = (
			);
			dependencies = (
			);
			name = GolfersProject;
			productName = GolfersProject;
			productReference = 88024F5D1AD29134004AC260 /* GolfersProject.app */;
			productType = "com.apple.product-type.application";
		};
		88024F751AD29134004AC260 /* GolfersProjectTests */ = {
			isa = PBXNativeTarget;
			buildConfigurationList = 88024F831AD29134004AC260 /* Build configuration list for PBXNativeTarget "GolfersProjectTests" */;
			buildPhases = (
				88024F721AD29134004AC260 /* Sources */,
				88024F731AD29134004AC260 /* Frameworks */,
				88024F741AD29134004AC260 /* Resources */,
			);
			buildRules = (
			);
			dependencies = (
				88024F781AD29134004AC260 /* PBXTargetDependency */,
			);
			name = GolfersProjectTests;
			productName = GolfersProjectTests;
			productReference = 88024F761AD29134004AC260 /* GolfersProjectTests.xctest */;
			productType = "com.apple.product-type.bundle.unit-test";
		};
/* End PBXNativeTarget section */

/* Begin PBXProject section */
		88024F551AD29134004AC260 /* Project object */ = {
			isa = PBXProject;
			attributes = {
				LastUpgradeCheck = 0610;
				ORGANIZATIONNAME = "Abdullah Saeed";
				TargetAttributes = {
					88024F5C1AD29134004AC260 = {
						CreatedOnToolsVersion = 6.1;
						DevelopmentTeam = X6K86D8S89;
					};
					88024F751AD29134004AC260 = {
						CreatedOnToolsVersion = 6.1;
						TestTargetID = 88024F5C1AD29134004AC260;
					};
				};
			};
			buildConfigurationList = 88024F581AD29134004AC260 /* Build configuration list for PBXProject "GolfersProject" */;
			compatibilityVersion = "Xcode 3.2";
			developmentRegion = English;
			hasScannedForEncodings = 0;
			knownRegions = (
				en,
				Base,
			);
			mainGroup = 88024F541AD29134004AC260;
			productRefGroup = 88024F5E1AD29134004AC260 /* Products */;
			projectDirPath = "";
			projectRoot = "";
			targets = (
				88024F5C1AD29134004AC260 /* GolfersProject */,
				88024F751AD29134004AC260 /* GolfersProjectTests */,
			);
		};
/* End PBXProject section */

/* Begin PBXResourcesBuildPhase section */
		88024F5B1AD29134004AC260 /* Resources */ = {
			isa = PBXResourcesBuildPhase;
			buildActionMask = 2147483647;
			files = (
				3D841D2A1B1CD98800A267DE /* EventHeaderView.xib in Resources */,
				889872C91B13239400D3C0E9 /* SideNotificationView.xib in Resources */,
				3D87D8331B15A5F50046BD60 /* CalendarEventCell.xib in Resources */,
				88024F6C1AD29134004AC260 /* Main.storyboard in Resources */,
				88024F711AD29134004AC260 /* LaunchScreen.xib in Resources */,
				88024F6E1AD29134004AC260 /* Images.xcassets in Resources */,
			);
			runOnlyForDeploymentPostprocessing = 0;
		};
		88024F741AD29134004AC260 /* Resources */ = {
			isa = PBXResourcesBuildPhase;
			buildActionMask = 2147483647;
			files = (
			);
			runOnlyForDeploymentPostprocessing = 0;
		};
/* End PBXResourcesBuildPhase section */

/* Begin PBXShellScriptBuildPhase section */
		062D08ABEFCEB2B97249E626 /* Copy Pods Resources */ = {
			isa = PBXShellScriptBuildPhase;
			buildActionMask = 2147483647;
			files = (
			);
			inputPaths = (
			);
			name = "Copy Pods Resources";
			outputPaths = (
			);
			runOnlyForDeploymentPostprocessing = 0;
			shellPath = /bin/sh;
			shellScript = "\"${SRCROOT}/Pods/Target Support Files/Pods/Pods-resources.sh\"\n";
			showEnvVarsInLog = 0;
		};
/* End PBXShellScriptBuildPhase section */

/* Begin PBXSourcesBuildPhase section */
		88024F591AD29134004AC260 /* Sources */ = {
			isa = PBXSourcesBuildPhase;
			buildActionMask = 2147483647;
			files = (
				3DCA44D41B26CB3400B66BD2 /* GolfrzError.m in Sources */,
				3D1963FA1B0E21B100766CFC /* main.m in Sources */,
				3DCA44D01B26CB3400B66BD2 /* Course.m in Sources */,
				3DCA44CF1B26CB3400B66BD2 /* Coordinate.m in Sources */,
				3D87D8431B1852120046BD60 /* NSMutableArray+convenience.m in Sources */,
				887C51311B21C9E300C778D7 /* UIImageView+RoundedImage.m in Sources */,
				885CB0681B09BADE00AD2A7B /* InitialViewController.m in Sources */,
				3DCA44CE1B26CB3400B66BD2 /* EventWeather.m in Sources */,
				3D87D8461B1852120046BD60 /* VRGCalendarView.m in Sources */,
				88D813AD1B17640E00FD7D0E /* PlayerSettingsMainViewController.m in Sources */,
				889872BF1B13105C00D3C0E9 /* Utilities.m in Sources */,
				3D1963F41B0E1B6900766CFC /* RewardViewController.m in Sources */,
				3D1963BC1B0CE05700766CFC /* CourseServices.m in Sources */,
				885CB06B1B09BADE00AD2A7B /* SignUpViewController.m in Sources */,
				889872CC1B13437400D3C0E9 /* SideNotificationView.m in Sources */,
				3D841D281B1CD97D00A267DE /* EventHeaderView.m in Sources */,
				3DCA44D61B26CB3400B66BD2 /* Beverage.m in Sources */,
				3DCA44D91B26CB3400B66BD2 /* SideItem.m in Sources */,
				885CB0441B09BA9D00AD2A7B /* AppDelegate.m in Sources */,
				3D1963CE1B0DBC8300766CFC /* Condition.m in Sources */,
				3D5CA5D61B1F332B00CB6ED7 /* BaseViewController.m in Sources */,
				885CB06D1B09BDCD00AD2A7B /* README.md in Sources */,
				3DD9BD0E1B14BE1C00A2F296 /* NSDate+Helper.m in Sources */,
				3D1963CB1B0DBC2600766CFC /* WeatherData.m in Sources */,
				88B23C171B16E49800988908 /* ContactUsViewController.m in Sources */,
				3D1963EB1B0E1B5200766CFC /* ClubHouseSubController.m in Sources */,
				88709E9E1B0DB600005DA345 /* ForgotPasswordSViewController.m in Sources */,
				3D1963C41B0DAECD00766CFC /* WeatherServices.m in Sources */,
				88B21DEB1B1C390100AFC6D2 /* SplashScreenViewController.m in Sources */,
				8873AA761B18C5F500E74C87 /* EventAdminViewController.m in Sources */,
				3D1963BD1B0CE05700766CFC /* UserServices.m in Sources */,
				3DD9BD0F1B14BE1C00A2F296 /* THCalendarInfo.m in Sources */,
				3D19641A1B130E3B00766CFC /* TPKeyboardAvoidingCollectionView.m in Sources */,
				3D19641C1B130E3B00766CFC /* TPKeyboardAvoidingTableView.m in Sources */,
				3DCA44CD1B26CB3400B66BD2 /* EventList.m in Sources */,
				885CB0801B0A128100AD2A7B /* AuthenticationService.m in Sources */,
				88FBCCB71B19A572005FD528 /* User.m in Sources */,
				886B9ED41B0B95900078B09D /* ForgotPasswordViewController.m in Sources */,
				3DCA44D11B26CB3400B66BD2 /* Department.m in Sources */,
				3D87D8441B1852120046BD60 /* UIColor+expanded.m in Sources */,
				88B23C1C1B16E69D00988908 /* CourseDepartmentCell.m in Sources */,
				885CB06A1B09BADE00AD2A7B /* SignInViewController.m in Sources */,
				3D19641D1B130E3B00766CFC /* UIScrollView+TPKeyboardAvoidingAdditions.m in Sources */,
				3D87D8281B159FE00046BD60 /* EventCalendarViewController.m in Sources */,
				3D1964191B130E3B00766CFC /* MBProgressHUD.m in Sources */,
				885CB0751B09FB0100AD2A7B /* APIClient.m in Sources */,
				3D87D8451B1852120046BD60 /* UIView+convenience.m in Sources */,
				3D1964011B1305FC00766CFC /* PresentationServices.m in Sources */,
				3DCA44CC1B26CB3400B66BD2 /* CalendarEvent.m in Sources */,
				3D1963F31B0E1B6900766CFC /* PlayerProfileViewController.m in Sources */,
				3D19641B1B130E3B00766CFC /* TPKeyboardAvoidingScrollView.m in Sources */,
				3D87D8421B1852120046BD60 /* NSDate+convenience.m in Sources */,
				3DF993721B256A4A006EBC39 /* AppDelegate+Push.m in Sources */,
				3DCA44D31B26CB3400B66BD2 /* StaffType.m in Sources */,
				3D1964271B13305200766CFC /* FaceBookAuthAgent.m in Sources */,
				3DD9BD0D1B14BE1C00A2F296 /* CalendarUtilities.m in Sources */,
				3DD9BD261B14C39000A2F296 /* CalendarEventServices.m in Sources */,
				3DF9936F1B256999006EBC39 /* PushManager.m in Sources */,
				3DCA44D71B26CB3400B66BD2 /* Food.m in Sources */,
				3D16D0841B1C3FFB00A582A3 /* SharedManager.m in Sources */,
				3D87D8321B15A5F50046BD60 /* CalendarEventCell.m in Sources */,
				3D1963F81B0E1F0500766CFC /* WeatherViewCell.m in Sources */,
				3D1963EA1B0E1B5200766CFC /* ClubHouseContainerVC.m in Sources */,
				3D1963EC1B0E1B5200766CFC /* ClubHouseViewController.m in Sources */,
				3DCA44D81B26CB3400B66BD2 /* Menu.m in Sources */,
				3DCA44D51B26CB3400B66BD2 /* GolfrzErrorResponse.m in Sources */,
				3DCA44D21B26CB3400B66BD2 /* StaffMember.m in Sources */,
				3D87D82B1B15A0880046BD60 /* EventDetailViewController.m in Sources */,
			);
			runOnlyForDeploymentPostprocessing = 0;
		};
		88024F721AD29134004AC260 /* Sources */ = {
			isa = PBXSourcesBuildPhase;
			buildActionMask = 2147483647;
			files = (
				88024F7D1AD29134004AC260 /* GolfersProjectTests.m in Sources */,
			);
			runOnlyForDeploymentPostprocessing = 0;
		};
/* End PBXSourcesBuildPhase section */

/* Begin PBXTargetDependency section */
		88024F781AD29134004AC260 /* PBXTargetDependency */ = {
			isa = PBXTargetDependency;
			target = 88024F5C1AD29134004AC260 /* GolfersProject */;
			targetProxy = 88024F771AD29134004AC260 /* PBXContainerItemProxy */;
		};
/* End PBXTargetDependency section */

/* Begin PBXVariantGroup section */
		88024F6A1AD29134004AC260 /* Main.storyboard */ = {
			isa = PBXVariantGroup;
			children = (
				88024F6B1AD29134004AC260 /* Base */,
			);
			name = Main.storyboard;
			sourceTree = "<group>";
		};
		88024F6F1AD29134004AC260 /* LaunchScreen.xib */ = {
			isa = PBXVariantGroup;
			children = (
				88024F701AD29134004AC260 /* Base */,
			);
			name = LaunchScreen.xib;
			sourceTree = "<group>";
		};
/* End PBXVariantGroup section */

/* Begin XCBuildConfiguration section */
		88024F7E1AD29134004AC260 /* Debug */ = {
			isa = XCBuildConfiguration;
			buildSettings = {
				ALWAYS_SEARCH_USER_PATHS = NO;
				CLANG_CXX_LANGUAGE_STANDARD = "gnu++0x";
				CLANG_CXX_LIBRARY = "libc++";
				CLANG_ENABLE_MODULES = YES;
				CLANG_ENABLE_OBJC_ARC = YES;
				CLANG_WARN_BOOL_CONVERSION = YES;
				CLANG_WARN_CONSTANT_CONVERSION = YES;
				CLANG_WARN_DIRECT_OBJC_ISA_USAGE = YES_ERROR;
				CLANG_WARN_EMPTY_BODY = YES;
				CLANG_WARN_ENUM_CONVERSION = YES;
				CLANG_WARN_INT_CONVERSION = YES;
				CLANG_WARN_OBJC_ROOT_CLASS = YES_ERROR;
				CLANG_WARN_UNREACHABLE_CODE = YES;
				CLANG_WARN__DUPLICATE_METHOD_MATCH = YES;
				"CODE_SIGN_IDENTITY[sdk=iphoneos*]" = "iPhone Developer";
				COPY_PHASE_STRIP = NO;
				ENABLE_STRICT_OBJC_MSGSEND = YES;
				GCC_C_LANGUAGE_STANDARD = gnu99;
				GCC_DYNAMIC_NO_PIC = NO;
				GCC_OPTIMIZATION_LEVEL = 0;
				GCC_PREPROCESSOR_DEFINITIONS = (
					"DEBUG=1",
					"$(inherited)",
				);
				GCC_SYMBOLS_PRIVATE_EXTERN = NO;
				GCC_WARN_64_TO_32_BIT_CONVERSION = YES;
				GCC_WARN_ABOUT_RETURN_TYPE = YES_ERROR;
				GCC_WARN_UNDECLARED_SELECTOR = YES;
				GCC_WARN_UNINITIALIZED_AUTOS = YES_AGGRESSIVE;
				GCC_WARN_UNUSED_FUNCTION = YES;
				GCC_WARN_UNUSED_VARIABLE = YES;
				IPHONEOS_DEPLOYMENT_TARGET = 8.1;
				MTL_ENABLE_DEBUG_INFO = YES;
				ONLY_ACTIVE_ARCH = YES;
				SDKROOT = iphoneos;
			};
			name = Debug;
		};
		88024F7F1AD29134004AC260 /* Release */ = {
			isa = XCBuildConfiguration;
			buildSettings = {
				ALWAYS_SEARCH_USER_PATHS = NO;
				CLANG_CXX_LANGUAGE_STANDARD = "gnu++0x";
				CLANG_CXX_LIBRARY = "libc++";
				CLANG_ENABLE_MODULES = YES;
				CLANG_ENABLE_OBJC_ARC = YES;
				CLANG_WARN_BOOL_CONVERSION = YES;
				CLANG_WARN_CONSTANT_CONVERSION = YES;
				CLANG_WARN_DIRECT_OBJC_ISA_USAGE = YES_ERROR;
				CLANG_WARN_EMPTY_BODY = YES;
				CLANG_WARN_ENUM_CONVERSION = YES;
				CLANG_WARN_INT_CONVERSION = YES;
				CLANG_WARN_OBJC_ROOT_CLASS = YES_ERROR;
				CLANG_WARN_UNREACHABLE_CODE = YES;
				CLANG_WARN__DUPLICATE_METHOD_MATCH = YES;
				"CODE_SIGN_IDENTITY[sdk=iphoneos*]" = "iPhone Developer";
				COPY_PHASE_STRIP = YES;
				ENABLE_NS_ASSERTIONS = NO;
				ENABLE_STRICT_OBJC_MSGSEND = YES;
				GCC_C_LANGUAGE_STANDARD = gnu99;
				GCC_WARN_64_TO_32_BIT_CONVERSION = YES;
				GCC_WARN_ABOUT_RETURN_TYPE = YES_ERROR;
				GCC_WARN_UNDECLARED_SELECTOR = YES;
				GCC_WARN_UNINITIALIZED_AUTOS = YES_AGGRESSIVE;
				GCC_WARN_UNUSED_FUNCTION = YES;
				GCC_WARN_UNUSED_VARIABLE = YES;
				IPHONEOS_DEPLOYMENT_TARGET = 8.1;
				MTL_ENABLE_DEBUG_INFO = NO;
				SDKROOT = iphoneos;
				VALIDATE_PRODUCT = YES;
			};
			name = Release;
		};
		88024F811AD29134004AC260 /* Debug */ = {
			isa = XCBuildConfiguration;
			baseConfigurationReference = D817BE50C16025D4FB4E4951 /* Pods.debug.xcconfig */;
			buildSettings = {
				ASSETCATALOG_COMPILER_APPICON_NAME = AppIcon;
				ASSETCATALOG_COMPILER_LAUNCHIMAGE_NAME = LaunchImage;
				CODE_SIGN_IDENTITY = "iPhone Developer: Abdullah Saeed (7983HQ379L)";
				FRAMEWORK_SEARCH_PATHS = (
					"$(inherited)",
					"$(PROJECT_DIR)/GolfersProject/Vendors",
				);
				INFOPLIST_FILE = GolfersProject/Info.plist;
				IPHONEOS_DEPLOYMENT_TARGET = 7.0;
				LD_RUNPATH_SEARCH_PATHS = "$(inherited) @executable_path/Frameworks";
				PRODUCT_NAME = "$(TARGET_NAME)";
				PROVISIONING_PROFILE = "f8384ae7-20d9-4020-aa8b-450b3dfc971a";
			};
			name = Debug;
		};
		88024F821AD29134004AC260 /* Release */ = {
			isa = XCBuildConfiguration;
			baseConfigurationReference = E15946F021CC95FC21355D7C /* Pods.release.xcconfig */;
			buildSettings = {
				ASSETCATALOG_COMPILER_APPICON_NAME = AppIcon;
				ASSETCATALOG_COMPILER_LAUNCHIMAGE_NAME = LaunchImage;
				CODE_SIGN_IDENTITY = "iPhone Developer: Abdullah Saeed (7983HQ379L)";
				"CODE_SIGN_IDENTITY[sdk=iphoneos*]" = "iPhone Developer: Abdullah Saeed (7983HQ379L)";
				FRAMEWORK_SEARCH_PATHS = (
					"$(inherited)",
					"$(PROJECT_DIR)/GolfersProject/Vendors",
				);
				INFOPLIST_FILE = GolfersProject/Info.plist;
				IPHONEOS_DEPLOYMENT_TARGET = 7.0;
				LD_RUNPATH_SEARCH_PATHS = "$(inherited) @executable_path/Frameworks";
				PRODUCT_NAME = "$(TARGET_NAME)";
				PROVISIONING_PROFILE = "d4e125f3-21bf-4150-a2d2-f81732977835";
			};
			name = Release;
		};
		88024F841AD29134004AC260 /* Debug */ = {
			isa = XCBuildConfiguration;
			buildSettings = {
				BUNDLE_LOADER = "$(TEST_HOST)";
				FRAMEWORK_SEARCH_PATHS = (
					"$(SDKROOT)/Developer/Library/Frameworks",
					"$(inherited)",
				);
				GCC_PREPROCESSOR_DEFINITIONS = (
					"DEBUG=1",
					"$(inherited)",
				);
				INFOPLIST_FILE = GolfersProjectTests/Info.plist;
				LD_RUNPATH_SEARCH_PATHS = "$(inherited) @executable_path/Frameworks @loader_path/Frameworks";
				PRODUCT_NAME = "$(TARGET_NAME)";
				TEST_HOST = "$(BUILT_PRODUCTS_DIR)/GolfersProject.app/GolfersProject";
			};
			name = Debug;
		};
		88024F851AD29134004AC260 /* Release */ = {
			isa = XCBuildConfiguration;
			buildSettings = {
				BUNDLE_LOADER = "$(TEST_HOST)";
				FRAMEWORK_SEARCH_PATHS = (
					"$(SDKROOT)/Developer/Library/Frameworks",
					"$(inherited)",
				);
				INFOPLIST_FILE = GolfersProjectTests/Info.plist;
				LD_RUNPATH_SEARCH_PATHS = "$(inherited) @executable_path/Frameworks @loader_path/Frameworks";
				PRODUCT_NAME = "$(TARGET_NAME)";
				TEST_HOST = "$(BUILT_PRODUCTS_DIR)/GolfersProject.app/GolfersProject";
			};
			name = Release;
		};
/* End XCBuildConfiguration section */

/* Begin XCConfigurationList section */
		88024F581AD29134004AC260 /* Build configuration list for PBXProject "GolfersProject" */ = {
			isa = XCConfigurationList;
			buildConfigurations = (
				88024F7E1AD29134004AC260 /* Debug */,
				88024F7F1AD29134004AC260 /* Release */,
			);
			defaultConfigurationIsVisible = 0;
			defaultConfigurationName = Release;
		};
		88024F801AD29134004AC260 /* Build configuration list for PBXNativeTarget "GolfersProject" */ = {
			isa = XCConfigurationList;
			buildConfigurations = (
				88024F811AD29134004AC260 /* Debug */,
				88024F821AD29134004AC260 /* Release */,
			);
			defaultConfigurationIsVisible = 0;
			defaultConfigurationName = Release;
		};
		88024F831AD29134004AC260 /* Build configuration list for PBXNativeTarget "GolfersProjectTests" */ = {
			isa = XCConfigurationList;
			buildConfigurations = (
				88024F841AD29134004AC260 /* Debug */,
				88024F851AD29134004AC260 /* Release */,
			);
			defaultConfigurationIsVisible = 0;
			defaultConfigurationName = Release;
		};
/* End XCConfigurationList section */
	};
	rootObject = 88024F551AD29134004AC260 /* Project object */;
}
